<?xml version="1.0" encoding="utf-8"?>
<Project ToolsVersion="4.0" xmlns="http://schemas.microsoft.com/developer/msbuild/2003">
  <ItemGroup>
    <ClCompile Include="directory.c" />
    <ClCompile Include="file.c" />
    <ClCompile Include="fs.c" />
    <ClCompile Include="rtp\input.c">
      <Filter>rtp</Filter>
    </ClCompile>
    <ClCompile Include="rtp\rtp.c">
      <Filter>rtp</Filter>
    </ClCompile>
    <ClCompile Include="rtp\session.c">
      <Filter>rtp</Filter>
    </ClCompile>
    <ClCompile Include="rtp\srtp.c">
      <Filter>rtp</Filter>
    </ClCompile>
    <ClCompile Include="rtp\xiph.c">
      <Filter>rtp</Filter>
    </ClCompile>
    <ClCompile Include="rtsp\access.c">
      <Filter>rtsp</Filter>
    </ClCompile>
    <ClCompile Include="rtsp\real.c">
      <Filter>rtsp</Filter>
    </ClCompile>
    <ClCompile Include="rtsp\real_asmrp.c">
      <Filter>rtsp</Filter>
    </ClCompile>
    <ClCompile Include="rtsp\real_rmff.c">
      <Filter>rtsp</Filter>
    </ClCompile>
    <ClCompile Include="rtsp\real_sdpplin.c">
      <Filter>rtsp</Filter>
    </ClCompile>
    <ClCompile Include="rtsp\rtsp.c">
      <Filter>rtsp</Filter>
    </ClCompile>
    <ClCompile Include="live555.cpp" />
    <ClCompile Include="mms\asf.c">
      <Filter>mms</Filter>
    </ClCompile>
    <ClCompile Include="mms\buffer.c">
      <Filter>mms</Filter>
    </ClCompile>
    <ClCompile Include="mms\mms.c">
      <Filter>mms</Filter>
    </ClCompile>
    <ClCompile Include="mms\mmsh.c">
      <Filter>mms</Filter>
    </ClCompile>
    <ClCompile Include="mms\mmstu.c">
      <Filter>mms</Filter>
    </ClCompile>
    <ClCompile Include="vod\CBasicHashTable.cpp">
      <Filter>vod\rtsp</Filter>
    </ClCompile>
    <ClCompile Include="vod\CHashTable.cpp">
      <Filter>vod\rtsp</Filter>
    </ClCompile>
    <ClCompile Include="vod\CMedia.cpp">
      <Filter>vod\rtsp</Filter>
    </ClCompile>
    <ClCompile Include="vod\CMediaSession.cpp">
      <Filter>vod\rtsp</Filter>
    </ClCompile>
    <ClCompile Include="vod\CPacketsQueue.cpp">
      <Filter>vod\rtsp</Filter>
    </ClCompile>
    <ClCompile Include="vod\CQueue.cpp">
      <Filter>vod\rtsp</Filter>
    </ClCompile>
    <ClCompile Include="vod\CRTCPInstance.cpp">
      <Filter>vod\rtsp</Filter>
    </ClCompile>
    <ClCompile Include="vod\CRTPSource.cpp">
      <Filter>vod\rtsp</Filter>
    </ClCompile>
    <ClCompile Include="vod\CRTSPClient.cpp">
      <Filter>vod\rtsp</Filter>
    </ClCompile>
    <ClCompile Include="vod\CTaskScheduler.cpp">
      <Filter>vod\rtsp</Filter>
    </ClCompile>
    <ClCompile Include="vod\CTsRtpSource.cpp">
      <Filter>vod\rtsp</Filter>
    </ClCompile>
    <ClCompile Include="vod\CUsageEnvironment.cpp">
      <Filter>vod\rtsp</Filter>
    </ClCompile>
    <ClCompile Include="vod\ErrorCode.cpp">
      <Filter>vod\mxutil</Filter>
    </ClCompile>
    <ClCompile Include="vod\MxArrayBase.cpp">
      <Filter>vod\mxutil</Filter>
    </ClCompile>
    <ClCompile Include="vod\MxBitStream.cpp">
      <Filter>vod\mxutil</Filter>
    </ClCompile>
    <ClCompile Include="vod\MxBlockQueue.cpp">
      <Filter>vod\mxutil</Filter>
    </ClCompile>
    <ClCompile Include="vod\MxBuffer.cpp">
      <Filter>vod\mxutil</Filter>
    </ClCompile>
    <ClCompile Include="vod\MxSocket.cpp">
      <Filter>vod\mxutil</Filter>
    </ClCompile>
    <ClCompile Include="vod\MxSocketUtils.cpp">
      <Filter>vod\mxutil</Filter>
    </ClCompile>
    <ClCompile Include="vod\MxVODNetStream.cpp">
      <Filter>vod\vod</Filter>
    </ClCompile>
    <ClCompile Include="vod\rtcp_from_spec.cpp">
      <Filter>vod\rtsp</Filter>
    </ClCompile>
    <ClCompile Include="vod\SocketHelper.cpp">
      <Filter>vod\mxutil</Filter>
    </ClCompile>
    <ClCompile Include="vod\Sockets.cpp">
      <Filter>vod\mxutil</Filter>
    </ClCompile>
    <ClCompile Include="vod\VODNetLib.cpp">
      <Filter>vod\vod</Filter>
    </ClCompile>
    <ClCompile Include="vod\vod_access.cpp">
      <Filter>vod</Filter>
    </ClCompile>
    <ClCompile Include="dshow\dshow.cpp">
      <Filter>dshow</Filter>
    </ClCompile>
    <ClCompile Include="dshow\crossbar.cpp">
      <Filter>dshow</Filter>
    </ClCompile>
    <ClCompile Include="dshow\filter.cpp">
      <Filter>dshow</Filter>
    </ClCompile>
    <ClCompile Include="screen\mac.c">
      <Filter>screen</Filter>
    </ClCompile>
    <ClCompile Include="screen\screen.c">
      <Filter>screen</Filter>
    </ClCompile>
    <ClCompile Include="screen\win32.c">
      <Filter>screen</Filter>
    </ClCompile>
    <ClCompile Include="screen\xcb.c">
      <Filter>screen</Filter>
    </ClCompile>
  </ItemGroup>
  <ItemGroup>
    <ClInclude Include="fs.h" />
    <ClInclude Include="rtp\rtp.h">
      <Filter>rtp</Filter>
    </ClInclude>
    <ClInclude Include="rtp\srtp.h">
      <Filter>rtp</Filter>
    </ClInclude>
    <ClInclude Include="rtsp\real.h">
      <Filter>rtsp</Filter>
    </ClInclude>
    <ClInclude Include="rtsp\real_rmff.h">
      <Filter>rtsp</Filter>
    </ClInclude>
    <ClInclude Include="rtsp\real_sdpplin.h">
      <Filter>rtsp</Filter>
    </ClInclude>
    <ClInclude Include="rtsp\rtsp.h">
      <Filter>rtsp</Filter>
    </ClInclude>
    <ClInclude Include="mms\asf.h">
      <Filter>mms</Filter>
    </ClInclude>
    <ClInclude Include="mms\buffer.h">
      <Filter>mms</Filter>
    </ClInclude>
    <ClInclude Include="mms\mms.h">
      <Filter>mms</Filter>
    </ClInclude>
    <ClInclude Include="mms\mmsh.h">
      <Filter>mms</Filter>
    </ClInclude>
    <ClInclude Include="mms\mmstu.h">
      <Filter>mms</Filter>
    </ClInclude>
    <ClInclude Include="vod\CBasicHashTable.h">
      <Filter>vod\rtsp</Filter>
    </ClInclude>
    <ClInclude Include="vod\CHashTable.h">
      <Filter>vod\rtsp</Filter>
    </ClInclude>
    <ClInclude Include="vod\CMedia.h">
      <Filter>vod\rtsp</Filter>
    </ClInclude>
    <ClInclude Include="vod\CMediaSession.h">
      <Filter>vod\rtsp</Filter>
    </ClInclude>
    <ClInclude Include="vod\CPacketsQueue.h">
      <Filter>vod\rtsp</Filter>
    </ClInclude>
    <ClInclude Include="vod\CQueue.h">
      <Filter>vod\rtsp</Filter>
    </ClInclude>
    <ClInclude Include="vod\CRTCPInstance.h">
      <Filter>vod\rtsp</Filter>
    </ClInclude>
    <ClInclude Include="vod\CRTPSource.h">
      <Filter>vod\rtsp</Filter>
    </ClInclude>
    <ClInclude Include="vod\CRTSPClient.h">
      <Filter>vod\rtsp</Filter>
    </ClInclude>
    <ClInclude Include="vod\CTaskScheduler.h">
      <Filter>vod\rtsp</Filter>
    </ClInclude>
    <ClInclude Include="vod\CTsRtpSource.h">
      <Filter>vod\rtsp</Filter>
    </ClInclude>
    <ClInclude Include="vod\CUsageEnvironment.h">
      <Filter>vod\rtsp</Filter>
    </ClInclude>
    <ClInclude Include="vod\ErrorCode.h">
      <Filter>vod\mxutil</Filter>
    </ClInclude>
    <ClInclude Include="vod\MxArray.h">
      <Filter>vod\mxutil</Filter>
    </ClInclude>
    <ClInclude Include="vod\MxArrayBase.h">
      <Filter>vod\mxutil</Filter>
    </ClInclude>
    <ClInclude Include="vod\MxBitStream.h">
      <Filter>vod\mxutil</Filter>
    </ClInclude>
    <ClInclude Include="vod\MxBlockQueue.h">
      <Filter>vod\mxutil</Filter>
    </ClInclude>
    <ClInclude Include="vod\MxBuffer.h">
      <Filter>vod\mxutil</Filter>
    </ClInclude>
    <ClInclude Include="vod\MxErrCodes.h">
      <Filter>vod\mxutil</Filter>
    </ClInclude>
    <ClInclude Include="vod\MxSocket.h">
      <Filter>vod\mxutil</Filter>
    </ClInclude>
    <ClInclude Include="vod\MxSocketConfig.h">
      <Filter>vod\mxutil</Filter>
    </ClInclude>
    <ClInclude Include="vod\MxSocketUtils.h">
      <Filter>vod\mxutil</Filter>
    </ClInclude>
    <ClInclude Include="vod\MxVODNetStream.h">
      <Filter>vod\vod</Filter>
    </ClInclude>
    <ClInclude Include="vod\rtcp_from_spec.h">
      <Filter>vod\rtsp</Filter>
    </ClInclude>
    <ClInclude Include="vod\SocketHelper.h">
      <Filter>vod\mxutil</Filter>
    </ClInclude>
    <ClInclude Include="vod\Sockets.h">
      <Filter>vod\mxutil</Filter>
    </ClInclude>
    <ClInclude Include="vod\VOBDHeader_SJIS.h">
      <Filter>vod\vod</Filter>
    </ClInclude>
    <ClInclude Include="vod\VODNetLib.h">
      <Filter>vod\vod</Filter>
    </ClInclude>
    <ClInclude Include="dshow\access.h">
      <Filter>dshow</Filter>
    </ClInclude>
    <ClInclude Include="dshow\filter.h">
      <Filter>dshow</Filter>
    </ClInclude>
    <ClInclude Include="dshow\mta_holder.h">
      <Filter>dshow</Filter>
    </ClInclude>
    <ClInclude Include="screen\screen.h">
      <Filter>screen</Filter>
    </ClInclude>
  </ItemGroup>
  <ItemGroup>
    <Filter Include="rtp">
      <UniqueIdentifier>{7025e319-a8d1-4563-af6a-ed6d38c33b2e}</UniqueIdentifier>
    </Filter>
    <Filter Include="rtsp">
      <UniqueIdentifier>{cf4c7748-83c9-4201-a000-577f92ee6d0b}</UniqueIdentifier>
    </Filter>
    <Filter Include="mms">
      <UniqueIdentifier>{be779d20-55cf-47e0-98a3-29f005de8a4e}</UniqueIdentifier>
    </Filter>
    <Filter Include="vod">
      <UniqueIdentifier>{07d4ae17-0c7b-4690-92cd-b68ce9a93a74}</UniqueIdentifier>
    </Filter>
    <Filter Include="vod\mxutil">
      <UniqueIdentifier>{f79e2b9b-c8af-42a3-a463-d096b17390cc}</UniqueIdentifier>
    </Filter>
    <Filter Include="vod\rtsp">
      <UniqueIdentifier>{589848d0-d85d-4a73-bd77-22f3d7143bea}</UniqueIdentifier>
    </Filter>
    <Filter Include="vod\vod">
      <UniqueIdentifier>{87a6c152-54f2-4d48-aa7f-7a3fa9ebb4d0}</UniqueIdentifier>
    </Filter>
    <Filter Include="dshow">
      <UniqueIdentifier>{2331df6d-18bb-4f83-922b-8d0eab8e630e}</UniqueIdentifier>
    </Filter>
    <Filter Include="screen">
      <UniqueIdentifier>{caa9d1ea-6ff0-4d28-afd8-05ed7969ec14}</UniqueIdentifier>
    </Filter>
  </ItemGroup>
</Project>