<?xml version="1.0" encoding="utf-8"?>
<Project ToolsVersion="4.0" xmlns="http://schemas.microsoft.com/developer/msbuild/2003">
  <ItemGroup>
    <Filter Include="converter">
      <UniqueIdentifier>{baa51741-8651-4ca4-a2ea-44e391e02e5b}</UniqueIdentifier>
    </Filter>
    <Filter Include="resampler">
      <UniqueIdentifier>{b6b2fca3-b322-41f1-8b6d-fdc6b5d83b10}</UniqueIdentifier>
    </Filter>
  </ItemGroup>
  <ItemGroup>
    <ClCompile Include="converter\format.c">
      <Filter>converter</Filter>
    </ClCompile>
    <ClCompile Include="converter\tospdif.c">
      <Filter>converter</Filter>
    </ClCompile>
    <ClCompile Include="scaletempo.c" />
    <ClCompile Include="resampler\bandlimited.c">
      <Filter>resampler</Filter>
    </ClCompile>
    <ClCompile Include="resampler\soxr.c">
      <Filter>resampler</Filter>
    </ClCompile>
    <ClCompile Include="resampler\speex.c">
      <Filter>resampler</Filter>
    </ClCompile>
    <ClCompile Include="resampler\src.c">
      <Filter>resampler</Filter>
    </ClCompile>
    <ClCompile Include="resampler\ugly.c">
      <Filter>resampler</Filter>
    </ClCompile>
  </ItemGroup>
  <ItemGroup>
    <ClInclude Include="resampler\bandlimited.h">
      <Filter>resampler</Filter>
    </ClInclude>
  </ItemGroup>
</Project>