
Microsoft Visual Studio Solution File, Format Version 12.00
# Visual Studio 2013
VisualStudioVersion = 12.0.40629.0
MinimumVisualStudioVersion = 10.0.40219.1
Project("{8BC9CEB8-8B4A-11D0-8D11-00A0C91BC942}") = "compat", "compat\compat.vcxproj", "{97A1A320-F761-4A12-A9A7-FCB462AC365A}"
EndProject
Project("{8BC9CEB8-8B4A-11D0-8D11-00A0C91BC942}") = "libavutil", "libavutil\libavutil.vcxproj", "{199DCA74-327D-418F-B4A9-04ABEBCD96BC}"
EndProject
Project("{8BC9CEB8-8B4A-11D0-8D11-00A0C91BC942}") = "libavcodec", "libavcodec\libavcodec.vcxproj", "{8038FFF5-9859-45EE-8988-F1BB89EBA898}"
EndProject
Project("{8BC9CEB8-8B4A-11D0-8D11-00A0C91BC942}") = "libavformat", "libavformat\libavformat.vcxproj", "{960543F6-8B1C-4B33-9A1E-BE1AA255921B}"
EndProject
Project("{8BC9CEB8-8B4A-11D0-8D11-00A0C91BC942}") = "libswscale", "libswsale\libswscale.vcxproj", "{F2C2236D-E803-4C01-BAB8-ED70D99F16B5}"
EndProject
Project("{8BC9CEB8-8B4A-11D0-8D11-00A0C91BC942}") = "libavfilter", "libavfilter\libavfilter.vcxproj", "{5E244DA1-1660-4001-9407-9DEDF225563F}"
EndProject
Project("{8BC9CEB8-8B4A-11D0-8D11-00A0C91BC942}") = "libavresample", "libavresample\libavresample.vcxproj", "{950A0A84-0B3A-4481-87A6-C3EE12F8D814}"
EndProject
Project("{8BC9CEB8-8B4A-11D0-8D11-00A0C91BC942}") = "libpostproc", "libpostproc\libpostproc.vcxproj", "{C93A9907-6F32-465B-AD64-EFFE04ED583F}"
EndProject
Project("{8BC9CEB8-8B4A-11D0-8D11-00A0C91BC942}") = "libswresample", "libswresample\libswresample.vcxproj", "{CD6BB30D-FC25-47CC-A3C7-BCDE1454BBA7}"
EndProject
Project("{8BC9CEB8-8B4A-11D0-8D11-00A0C91BC942}") = "ffmpeg", "ffmpeg\ffmpeg.vcxproj", "{D98C1ACE-6C21-4127-A12F-19B812F66D5B}"
EndProject
Project("{2150E333-8FDC-42A3-9474-1A3956D46DE8}") = "external", "external", "{40221C4F-8E40-4B26-A9EF-84C7578EF644}"
EndProject
Project("{8BC9CEB8-8B4A-11D0-8D11-00A0C91BC942}") = "libxml2", "..\..\External\libxml2\win32\VC13\libxml2.vcxproj", "{1D6039F6-5078-416F-A3AF-A36EFC7E6A1C}"
EndProject
Project("{8BC9CEB8-8B4A-11D0-8D11-00A0C91BC942}") = "SDL2", "..\..\External\SDL2\VisualC\SDL\SDL.vcxproj", "{81CE8DAF-EBB2-4761-8E45-B71ABCCA8C68}"
EndProject
Project("{8BC9CEB8-8B4A-11D0-8D11-00A0C91BC942}") = "ffplay", "ffplay\ffplay.vcxproj", "{8B6CED9E-C105-4FF7-8298-56B0B5BDE7E1}"
EndProject
Global
	GlobalSection(SolutionConfigurationPlatforms) = preSolution
		Debug_DLL|Win32 = Debug_DLL|Win32
		Debug|Win32 = Debug|Win32
		Release_DLL|Win32 = Release_DLL|Win32
		Release|Win32 = Release|Win32
	EndGlobalSection
	GlobalSection(ProjectConfigurationPlatforms) = postSolution
		{97A1A320-F761-4A12-A9A7-FCB462AC365A}.Debug_DLL|Win32.ActiveCfg = Debug|Win32
		{97A1A320-F761-4A12-A9A7-FCB462AC365A}.Debug_DLL|Win32.Build.0 = Debug|Win32
		{97A1A320-F761-4A12-A9A7-FCB462AC365A}.Debug|Win32.ActiveCfg = Debug|Win32
		{97A1A320-F761-4A12-A9A7-FCB462AC365A}.Debug|Win32.Build.0 = Debug|Win32
		{97A1A320-F761-4A12-A9A7-FCB462AC365A}.Release_DLL|Win32.ActiveCfg = Release|Win32
		{97A1A320-F761-4A12-A9A7-FCB462AC365A}.Release_DLL|Win32.Build.0 = Release|Win32
		{97A1A320-F761-4A12-A9A7-FCB462AC365A}.Release|Win32.ActiveCfg = Release|Win32
		{97A1A320-F761-4A12-A9A7-FCB462AC365A}.Release|Win32.Build.0 = Release|Win32
		{199DCA74-327D-418F-B4A9-04ABEBCD96BC}.Debug_DLL|Win32.ActiveCfg = Debug|Win32
		{199DCA74-327D-418F-B4A9-04ABEBCD96BC}.Debug_DLL|Win32.Build.0 = Debug|Win32
		{199DCA74-327D-418F-B4A9-04ABEBCD96BC}.Debug|Win32.ActiveCfg = Debug|Win32
		{199DCA74-327D-418F-B4A9-04ABEBCD96BC}.Debug|Win32.Build.0 = Debug|Win32
		{199DCA74-327D-418F-B4A9-04ABEBCD96BC}.Release_DLL|Win32.ActiveCfg = Release|Win32
		{199DCA74-327D-418F-B4A9-04ABEBCD96BC}.Release_DLL|Win32.Build.0 = Release|Win32
		{199DCA74-327D-418F-B4A9-04ABEBCD96BC}.Release|Win32.ActiveCfg = Release|Win32
		{199DCA74-327D-418F-B4A9-04ABEBCD96BC}.Release|Win32.Build.0 = Release|Win32
		{8038FFF5-9859-45EE-8988-F1BB89EBA898}.Debug_DLL|Win32.ActiveCfg = Debug|Win32
		{8038FFF5-9859-45EE-8988-F1BB89EBA898}.Debug_DLL|Win32.Build.0 = Debug|Win32
		{8038FFF5-9859-45EE-8988-F1BB89EBA898}.Debug|Win32.ActiveCfg = Debug|Win32
		{8038FFF5-9859-45EE-8988-F1BB89EBA898}.Debug|Win32.Build.0 = Debug|Win32
		{8038FFF5-9859-45EE-8988-F1BB89EBA898}.Release_DLL|Win32.ActiveCfg = Release|Win32
		{8038FFF5-9859-45EE-8988-F1BB89EBA898}.Release_DLL|Win32.Build.0 = Release|Win32
		{8038FFF5-9859-45EE-8988-F1BB89EBA898}.Release|Win32.ActiveCfg = Release|Win32
		{8038FFF5-9859-45EE-8988-F1BB89EBA898}.Release|Win32.Build.0 = Release|Win32
		{960543F6-8B1C-4B33-9A1E-BE1AA255921B}.Debug_DLL|Win32.ActiveCfg = Debug|Win32
		{960543F6-8B1C-4B33-9A1E-BE1AA255921B}.Debug_DLL|Win32.Build.0 = Debug|Win32
		{960543F6-8B1C-4B33-9A1E-BE1AA255921B}.Debug|Win32.ActiveCfg = Debug|Win32
		{960543F6-8B1C-4B33-9A1E-BE1AA255921B}.Debug|Win32.Build.0 = Debug|Win32
		{960543F6-8B1C-4B33-9A1E-BE1AA255921B}.Release_DLL|Win32.ActiveCfg = Release|Win32
		{960543F6-8B1C-4B33-9A1E-BE1AA255921B}.Release_DLL|Win32.Build.0 = Release|Win32
		{960543F6-8B1C-4B33-9A1E-BE1AA255921B}.Release|Win32.ActiveCfg = Release|Win32
		{960543F6-8B1C-4B33-9A1E-BE1AA255921B}.Release|Win32.Build.0 = Release|Win32
		{F2C2236D-E803-4C01-BAB8-ED70D99F16B5}.Debug_DLL|Win32.ActiveCfg = Debug|Win32
		{F2C2236D-E803-4C01-BAB8-ED70D99F16B5}.Debug_DLL|Win32.Build.0 = Debug|Win32
		{F2C2236D-E803-4C01-BAB8-ED70D99F16B5}.Debug|Win32.ActiveCfg = Debug|Win32
		{F2C2236D-E803-4C01-BAB8-ED70D99F16B5}.Debug|Win32.Build.0 = Debug|Win32
		{F2C2236D-E803-4C01-BAB8-ED70D99F16B5}.Release_DLL|Win32.ActiveCfg = Release|Win32
		{F2C2236D-E803-4C01-BAB8-ED70D99F16B5}.Release_DLL|Win32.Build.0 = Release|Win32
		{F2C2236D-E803-4C01-BAB8-ED70D99F16B5}.Release|Win32.ActiveCfg = Release|Win32
		{F2C2236D-E803-4C01-BAB8-ED70D99F16B5}.Release|Win32.Build.0 = Release|Win32
		{5E244DA1-1660-4001-9407-9DEDF225563F}.Debug_DLL|Win32.ActiveCfg = Debug|Win32
		{5E244DA1-1660-4001-9407-9DEDF225563F}.Debug_DLL|Win32.Build.0 = Debug|Win32
		{5E244DA1-1660-4001-9407-9DEDF225563F}.Debug|Win32.ActiveCfg = Debug|Win32
		{5E244DA1-1660-4001-9407-9DEDF225563F}.Debug|Win32.Build.0 = Debug|Win32
		{5E244DA1-1660-4001-9407-9DEDF225563F}.Release_DLL|Win32.ActiveCfg = Release|Win32
		{5E244DA1-1660-4001-9407-9DEDF225563F}.Release_DLL|Win32.Build.0 = Release|Win32
		{5E244DA1-1660-4001-9407-9DEDF225563F}.Release|Win32.ActiveCfg = Release|Win32
		{5E244DA1-1660-4001-9407-9DEDF225563F}.Release|Win32.Build.0 = Release|Win32
		{950A0A84-0B3A-4481-87A6-C3EE12F8D814}.Debug_DLL|Win32.ActiveCfg = Debug|Win32
		{950A0A84-0B3A-4481-87A6-C3EE12F8D814}.Debug_DLL|Win32.Build.0 = Debug|Win32
		{950A0A84-0B3A-4481-87A6-C3EE12F8D814}.Debug|Win32.ActiveCfg = Debug|Win32
		{950A0A84-0B3A-4481-87A6-C3EE12F8D814}.Debug|Win32.Build.0 = Debug|Win32
		{950A0A84-0B3A-4481-87A6-C3EE12F8D814}.Release_DLL|Win32.ActiveCfg = Release|Win32
		{950A0A84-0B3A-4481-87A6-C3EE12F8D814}.Release_DLL|Win32.Build.0 = Release|Win32
		{950A0A84-0B3A-4481-87A6-C3EE12F8D814}.Release|Win32.ActiveCfg = Release|Win32
		{950A0A84-0B3A-4481-87A6-C3EE12F8D814}.Release|Win32.Build.0 = Release|Win32
		{C93A9907-6F32-465B-AD64-EFFE04ED583F}.Debug_DLL|Win32.ActiveCfg = Debug|Win32
		{C93A9907-6F32-465B-AD64-EFFE04ED583F}.Debug_DLL|Win32.Build.0 = Debug|Win32
		{C93A9907-6F32-465B-AD64-EFFE04ED583F}.Debug|Win32.ActiveCfg = Debug|Win32
		{C93A9907-6F32-465B-AD64-EFFE04ED583F}.Debug|Win32.Build.0 = Debug|Win32
		{C93A9907-6F32-465B-AD64-EFFE04ED583F}.Release_DLL|Win32.ActiveCfg = Release|Win32
		{C93A9907-6F32-465B-AD64-EFFE04ED583F}.Release_DLL|Win32.Build.0 = Release|Win32
		{C93A9907-6F32-465B-AD64-EFFE04ED583F}.Release|Win32.ActiveCfg = Release|Win32
		{C93A9907-6F32-465B-AD64-EFFE04ED583F}.Release|Win32.Build.0 = Release|Win32
		{CD6BB30D-FC25-47CC-A3C7-BCDE1454BBA7}.Debug_DLL|Win32.ActiveCfg = Debug|Win32
		{CD6BB30D-FC25-47CC-A3C7-BCDE1454BBA7}.Debug_DLL|Win32.Build.0 = Debug|Win32
		{CD6BB30D-FC25-47CC-A3C7-BCDE1454BBA7}.Debug|Win32.ActiveCfg = Debug|Win32
		{CD6BB30D-FC25-47CC-A3C7-BCDE1454BBA7}.Debug|Win32.Build.0 = Debug|Win32
		{CD6BB30D-FC25-47CC-A3C7-BCDE1454BBA7}.Release_DLL|Win32.ActiveCfg = Release|Win32
		{CD6BB30D-FC25-47CC-A3C7-BCDE1454BBA7}.Release_DLL|Win32.Build.0 = Release|Win32
		{CD6BB30D-FC25-47CC-A3C7-BCDE1454BBA7}.Release|Win32.ActiveCfg = Release|Win32
		{CD6BB30D-FC25-47CC-A3C7-BCDE1454BBA7}.Release|Win32.Build.0 = Release|Win32
		{D98C1ACE-6C21-4127-A12F-19B812F66D5B}.Debug_DLL|Win32.ActiveCfg = Debug|Win32
		{D98C1ACE-6C21-4127-A12F-19B812F66D5B}.Debug_DLL|Win32.Build.0 = Debug|Win32
		{D98C1ACE-6C21-4127-A12F-19B812F66D5B}.Debug|Win32.ActiveCfg = Debug|Win32
		{D98C1ACE-6C21-4127-A12F-19B812F66D5B}.Debug|Win32.Build.0 = Debug|Win32
		{D98C1ACE-6C21-4127-A12F-19B812F66D5B}.Release_DLL|Win32.ActiveCfg = Release|Win32
		{D98C1ACE-6C21-4127-A12F-19B812F66D5B}.Release_DLL|Win32.Build.0 = Release|Win32
		{D98C1ACE-6C21-4127-A12F-19B812F66D5B}.Release|Win32.ActiveCfg = Release|Win32
		{D98C1ACE-6C21-4127-A12F-19B812F66D5B}.Release|Win32.Build.0 = Release|Win32
		{1D6039F6-5078-416F-A3AF-A36EFC7E6A1C}.Debug_DLL|Win32.ActiveCfg = Debug|Win32
		{1D6039F6-5078-416F-A3AF-A36EFC7E6A1C}.Debug_DLL|Win32.Build.0 = Debug|Win32
		{1D6039F6-5078-416F-A3AF-A36EFC7E6A1C}.Debug|Win32.ActiveCfg = Debug|Win32
		{1D6039F6-5078-416F-A3AF-A36EFC7E6A1C}.Debug|Win32.Build.0 = Debug|Win32
		{1D6039F6-5078-416F-A3AF-A36EFC7E6A1C}.Release_DLL|Win32.ActiveCfg = Release|Win32
		{1D6039F6-5078-416F-A3AF-A36EFC7E6A1C}.Release_DLL|Win32.Build.0 = Release|Win32
		{1D6039F6-5078-416F-A3AF-A36EFC7E6A1C}.Release|Win32.ActiveCfg = Release|Win32
		{1D6039F6-5078-416F-A3AF-A36EFC7E6A1C}.Release|Win32.Build.0 = Release|Win32
		{81CE8DAF-EBB2-4761-8E45-B71ABCCA8C68}.Debug_DLL|Win32.ActiveCfg = Debug_DLL|Win32
		{81CE8DAF-EBB2-4761-8E45-B71ABCCA8C68}.Debug_DLL|Win32.Build.0 = Debug_DLL|Win32
		{81CE8DAF-EBB2-4761-8E45-B71ABCCA8C68}.Debug|Win32.ActiveCfg = Debug|Win32
		{81CE8DAF-EBB2-4761-8E45-B71ABCCA8C68}.Debug|Win32.Build.0 = Debug|Win32
		{81CE8DAF-EBB2-4761-8E45-B71ABCCA8C68}.Release_DLL|Win32.ActiveCfg = Release_DLL|Win32
		{81CE8DAF-EBB2-4761-8E45-B71ABCCA8C68}.Release_DLL|Win32.Build.0 = Release_DLL|Win32
		{81CE8DAF-EBB2-4761-8E45-B71ABCCA8C68}.Release|Win32.ActiveCfg = Release|Win32
		{81CE8DAF-EBB2-4761-8E45-B71ABCCA8C68}.Release|Win32.Build.0 = Release|Win32
		{8B6CED9E-C105-4FF7-8298-56B0B5BDE7E1}.Debug_DLL|Win32.ActiveCfg = Debug|Win32
		{8B6CED9E-C105-4FF7-8298-56B0B5BDE7E1}.Debug_DLL|Win32.Build.0 = Debug|Win32
		{8B6CED9E-C105-4FF7-8298-56B0B5BDE7E1}.Debug|Win32.ActiveCfg = Debug|Win32
		{8B6CED9E-C105-4FF7-8298-56B0B5BDE7E1}.Debug|Win32.Build.0 = Debug|Win32
		{8B6CED9E-C105-4FF7-8298-56B0B5BDE7E1}.Release_DLL|Win32.ActiveCfg = Release|Win32
		{8B6CED9E-C105-4FF7-8298-56B0B5BDE7E1}.Release_DLL|Win32.Build.0 = Release|Win32
		{8B6CED9E-C105-4FF7-8298-56B0B5BDE7E1}.Release|Win32.ActiveCfg = Release|Win32
		{8B6CED9E-C105-4FF7-8298-56B0B5BDE7E1}.Release|Win32.Build.0 = Release|Win32
	EndGlobalSection
	GlobalSection(SolutionProperties) = preSolution
		HideSolutionNode = FALSE
	EndGlobalSection
	GlobalSection(NestedProjects) = preSolution
		{1D6039F6-5078-416F-A3AF-A36EFC7E6A1C} = {40221C4F-8E40-4B26-A9EF-84C7578EF644}
		{81CE8DAF-EBB2-4761-8E45-B71ABCCA8C68} = {40221C4F-8E40-4B26-A9EF-84C7578EF644}
	EndGlobalSection
EndGlobal
