<?xml version="1.0" encoding="utf-8"?>
<Project ToolsVersion="4.0" xmlns="http://schemas.microsoft.com/developer/msbuild/2003">
  <ItemGroup>
    <ClCompile Include="display.c" />
    <ClCompile Include="duplicate.c" />
    <ClCompile Include="rtcp.c" />
    <ClCompile Include="rtp.c" />
    <ClCompile Include="rtpfmt.c" />
    <ClCompile Include="rtsp.c" />
    <ClCompile Include="vod.c" />
    <ClCompile Include="transcode\transcode.c">
      <Filter>transcode</Filter>
    </ClCompile>
    <ClCompile Include="transcode\audio.c">
      <Filter>transcode</Filter>
    </ClCompile>
    <ClCompile Include="transcode\spu.c">
      <Filter>transcode</Filter>
    </ClCompile>
    <ClCompile Include="transcode\video.c">
      <Filter>transcode</Filter>
    </ClCompile>
  </ItemGroup>
  <ItemGroup>
    <ClInclude Include="rtp.h" />
    <ClInclude Include="transcode\transcode.h">
      <Filter>transcode</Filter>
    </ClInclude>
  </ItemGroup>
  <ItemGroup>
    <Filter Include="transcode">
      <UniqueIdentifier>{c9e1b4be-b59b-4726-a633-9eebbeb9ddfb}</UniqueIdentifier>
    </Filter>
  </ItemGroup>
</Project>