<?xml version="1.0" encoding="utf-8"?>
<Project ToolsVersion="4.0" xmlns="http://schemas.microsoft.com/developer/msbuild/2003">
  <ItemGroup>
    <ClCompile Include="vdummy.c" />
    <ClCompile Include="yuv.c" />
    <ClCompile Include="win32\common.c">
      <Filter>win32</Filter>
    </ClCompile>
    <ClCompile Include="win32\direct3d9.c">
      <Filter>win32</Filter>
    </ClCompile>
    <ClCompile Include="win32\directdraw.c">
      <Filter>win32</Filter>
    </ClCompile>
    <ClCompile Include="win32\events.c">
      <Filter>win32</Filter>
    </ClCompile>
    <ClCompile Include="win32\sensors.cpp">
      <Filter>win32</Filter>
    </ClCompile>
    <ClCompile Include="win32\win32touch.c">
      <Filter>win32</Filter>
    </ClCompile>
    <ClCompile Include="win32\wingdi.c">
      <Filter>win32</Filter>
    </ClCompile>
    <ClCompile Include="drawable.c" />
    <ClCompile Include="android\display.c">
      <Filter>android</Filter>
    </ClCompile>
    <ClCompile Include="android\utils.c">
      <Filter>android</Filter>
    </ClCompile>
    <ClCompile Include="android\window.c">
      <Filter>android</Filter>
    </ClCompile>
  </ItemGroup>
  <ItemGroup>
    <Filter Include="win32">
      <UniqueIdentifier>{ef63c40a-b06a-4d2c-aa79-5dad447a1d82}</UniqueIdentifier>
    </Filter>
    <Filter Include="android">
      <UniqueIdentifier>{962b42ea-d484-4244-b926-122c9152f462}</UniqueIdentifier>
    </Filter>
  </ItemGroup>
  <ItemGroup>
    <ClInclude Include="win32\builtin_shaders.h">
      <Filter>win32</Filter>
    </ClInclude>
    <ClInclude Include="win32\common.h">
      <Filter>win32</Filter>
    </ClInclude>
    <ClInclude Include="win32\events.h">
      <Filter>win32</Filter>
    </ClInclude>
    <ClInclude Include="win32\win32touch.h">
      <Filter>win32</Filter>
    </ClInclude>
  </ItemGroup>
</Project>