<?xml version="1.0" encoding="utf-8"?>
<Project ToolsVersion="4.0" xmlns="http://schemas.microsoft.com/developer/msbuild/2003">
  <ItemGroup>
    <ClCompile Include="..\liveMedia\AC3AudioFileServerMediaSubsession.cpp" />
    <ClCompile Include="..\liveMedia\AC3AudioRTPSink.cpp" />
    <ClCompile Include="..\liveMedia\AC3AudioRTPSource.cpp" />
    <ClCompile Include="..\liveMedia\AC3AudioStreamFramer.cpp" />
    <ClCompile Include="..\liveMedia\ADTSAudioFileServerMediaSubsession.cpp" />
    <ClCompile Include="..\liveMedia\ADTSAudioFileSource.cpp" />
    <ClCompile Include="..\liveMedia\AMRAudioFileServerMediaSubsession.cpp" />
    <ClCompile Include="..\liveMedia\AMRAudioFileSink.cpp" />
    <ClCompile Include="..\liveMedia\AMRAudioFileSource.cpp" />
    <ClCompile Include="..\liveMedia\AMRAudioRTPSink.cpp" />
    <ClCompile Include="..\liveMedia\AMRAudioRTPSource.cpp" />
    <ClCompile Include="..\liveMedia\AMRAudioSource.cpp" />
    <ClCompile Include="..\liveMedia\AudioInputDevice.cpp" />
    <ClCompile Include="..\liveMedia\AudioRTPSink.cpp" />
    <ClCompile Include="..\liveMedia\AVIFileSink.cpp" />
    <ClCompile Include="..\liveMedia\Base64.cpp" />
    <ClCompile Include="..\liveMedia\BasicUDPSink.cpp" />
    <ClCompile Include="..\liveMedia\BasicUDPSource.cpp" />
    <ClCompile Include="..\liveMedia\BitVector.cpp" />
    <ClCompile Include="..\liveMedia\ByteStreamFileSource.cpp" />
    <ClCompile Include="..\liveMedia\ByteStreamMemoryBufferSource.cpp" />
    <ClCompile Include="..\liveMedia\ByteStreamMultiFileSource.cpp" />
    <ClCompile Include="..\liveMedia\DeviceSource.cpp" />
    <ClCompile Include="..\liveMedia\DigestAuthentication.cpp" />
    <ClCompile Include="..\liveMedia\DVVideoFileServerMediaSubsession.cpp" />
    <ClCompile Include="..\liveMedia\DVVideoRTPSink.cpp" />
    <ClCompile Include="..\liveMedia\DVVideoRTPSource.cpp" />
    <ClCompile Include="..\liveMedia\DVVideoStreamFramer.cpp" />
    <ClCompile Include="..\liveMedia\EBMLNumber.cpp" />
    <ClCompile Include="..\liveMedia\FileServerMediaSubsession.cpp" />
    <ClCompile Include="..\liveMedia\FileSink.cpp" />
    <ClCompile Include="..\liveMedia\FramedFileSource.cpp" />
    <ClCompile Include="..\liveMedia\FramedFilter.cpp" />
    <ClCompile Include="..\liveMedia\FramedSource.cpp" />
    <ClCompile Include="..\liveMedia\GSMAudioRTPSink.cpp" />
    <ClCompile Include="..\liveMedia\H261VideoRTPSource.cpp" />
    <ClCompile Include="..\liveMedia\H263plusVideoFileServerMediaSubsession.cpp" />
    <ClCompile Include="..\liveMedia\H263plusVideoRTPSink.cpp" />
    <ClCompile Include="..\liveMedia\H263plusVideoRTPSource.cpp" />
    <ClCompile Include="..\liveMedia\H263plusVideoStreamFramer.cpp" />
    <ClCompile Include="..\liveMedia\H263plusVideoStreamParser.cpp" />
    <ClCompile Include="..\liveMedia\H264VideoFileServerMediaSubsession.cpp" />
    <ClCompile Include="..\liveMedia\H264VideoFileSink.cpp" />
    <ClCompile Include="..\liveMedia\H264VideoRTPSink.cpp" />
    <ClCompile Include="..\liveMedia\H264VideoRTPSource.cpp" />
    <ClCompile Include="..\liveMedia\H264VideoStreamDiscreteFramer.cpp" />
    <ClCompile Include="..\liveMedia\H264VideoStreamFramer.cpp" />
    <ClCompile Include="..\liveMedia\InputFile.cpp" />
    <ClCompile Include="..\liveMedia\JPEGVideoRTPSink.cpp" />
    <ClCompile Include="..\liveMedia\JPEGVideoRTPSource.cpp" />
    <ClCompile Include="..\liveMedia\JPEGVideoSource.cpp" />
    <ClCompile Include="..\liveMedia\Locale.cpp" />
    <ClCompile Include="..\liveMedia\MatroskaDemuxedTrack.cpp" />
    <ClCompile Include="..\liveMedia\MatroskaFile.cpp" />
    <ClCompile Include="..\liveMedia\MatroskaFileParser.cpp" />
    <ClCompile Include="..\liveMedia\MatroskaFileServerDemux.cpp" />
    <ClCompile Include="..\liveMedia\Media.cpp" />
    <ClCompile Include="..\liveMedia\MediaSession.cpp" />
    <ClCompile Include="..\liveMedia\MediaSink.cpp" />
    <ClCompile Include="..\liveMedia\MediaSource.cpp" />
    <ClCompile Include="..\liveMedia\MP3ADU.cpp" />
    <ClCompile Include="..\liveMedia\MP3ADUdescriptor.cpp" />
    <ClCompile Include="..\liveMedia\MP3ADUinterleaving.cpp" />
    <ClCompile Include="..\liveMedia\MP3ADURTPSink.cpp" />
    <ClCompile Include="..\liveMedia\MP3ADURTPSource.cpp" />
    <ClCompile Include="..\liveMedia\MP3ADUTranscoder.cpp" />
    <ClCompile Include="..\liveMedia\MP3AudioFileServerMediaSubsession.cpp" />
    <ClCompile Include="..\liveMedia\MP3AudioMatroskaFileServerMediaSubsession.cpp" />
    <ClCompile Include="..\liveMedia\MP3FileSource.cpp" />
    <ClCompile Include="..\liveMedia\MP3Internals.cpp" />
    <ClCompile Include="..\liveMedia\MP3InternalsHuffman.cpp" />
    <ClCompile Include="..\liveMedia\MP3InternalsHuffmanTable.cpp" />
    <ClCompile Include="..\liveMedia\MP3StreamState.cpp" />
    <ClCompile Include="..\liveMedia\MP3Transcoder.cpp" />
    <ClCompile Include="..\liveMedia\MPEG1or2AudioRTPSink.cpp" />
    <ClCompile Include="..\liveMedia\MPEG1or2AudioRTPSource.cpp" />
    <ClCompile Include="..\liveMedia\MPEG1or2AudioStreamFramer.cpp" />
    <ClCompile Include="..\liveMedia\MPEG1or2Demux.cpp" />
    <ClCompile Include="..\liveMedia\MPEG1or2DemuxedElementaryStream.cpp" />
    <ClCompile Include="..\liveMedia\MPEG1or2DemuxedServerMediaSubsession.cpp" />
    <ClCompile Include="..\liveMedia\MPEG1or2FileServerDemux.cpp" />
    <ClCompile Include="..\liveMedia\MPEG1or2VideoFileServerMediaSubsession.cpp" />
    <ClCompile Include="..\liveMedia\MPEG1or2VideoRTPSink.cpp" />
    <ClCompile Include="..\liveMedia\MPEG1or2VideoRTPSource.cpp" />
    <ClCompile Include="..\liveMedia\MPEG1or2VideoStreamDiscreteFramer.cpp" />
    <ClCompile Include="..\liveMedia\MPEG1or2VideoStreamFramer.cpp" />
    <ClCompile Include="..\liveMedia\MPEG2IndexFromTransportStream.cpp" />
    <ClCompile Include="..\liveMedia\MPEG2TransportFileServerMediaSubsession.cpp" />
    <ClCompile Include="..\liveMedia\MPEG2TransportStreamFramer.cpp" />
    <ClCompile Include="..\liveMedia\MPEG2TransportStreamFromESSource.cpp" />
    <ClCompile Include="..\liveMedia\MPEG2TransportStreamFromPESSource.cpp" />
    <ClCompile Include="..\liveMedia\MPEG2TransportStreamIndexFile.cpp" />
    <ClCompile Include="..\liveMedia\MPEG2TransportStreamMultiplexor.cpp" />
    <ClCompile Include="..\liveMedia\MPEG2TransportStreamTrickModeFilter.cpp" />
    <ClCompile Include="..\liveMedia\MPEG2TransportUDPServerMediaSubsession.cpp" />
    <ClCompile Include="..\liveMedia\MPEG4ESVideoRTPSink.cpp" />
    <ClCompile Include="..\liveMedia\MPEG4ESVideoRTPSource.cpp" />
    <ClCompile Include="..\liveMedia\MPEG4GenericRTPSink.cpp" />
    <ClCompile Include="..\liveMedia\MPEG4GenericRTPSource.cpp" />
    <ClCompile Include="..\liveMedia\MPEG4LATMAudioRTPSink.cpp" />
    <ClCompile Include="..\liveMedia\MPEG4LATMAudioRTPSource.cpp" />
    <ClCompile Include="..\liveMedia\MPEG4VideoFileServerMediaSubsession.cpp" />
    <ClCompile Include="..\liveMedia\MPEG4VideoStreamDiscreteFramer.cpp" />
    <ClCompile Include="..\liveMedia\MPEG4VideoStreamFramer.cpp" />
    <ClCompile Include="..\liveMedia\MPEGVideoStreamFramer.cpp" />
    <ClCompile Include="..\liveMedia\MPEGVideoStreamParser.cpp" />
    <ClCompile Include="..\liveMedia\MultiFramedRTPSink.cpp" />
    <ClCompile Include="..\liveMedia\MultiFramedRTPSource.cpp" />
    <ClCompile Include="..\liveMedia\OnDemandServerMediaSubsession.cpp" />
    <ClCompile Include="..\liveMedia\OutputFile.cpp" />
    <ClCompile Include="..\liveMedia\PassiveServerMediaSubsession.cpp" />
    <ClCompile Include="..\liveMedia\ProxyServerMediaSession.cpp" />
    <ClCompile Include="..\liveMedia\QCELPAudioRTPSource.cpp" />
    <ClCompile Include="..\liveMedia\QuickTimeFileSink.cpp" />
    <ClCompile Include="..\liveMedia\QuickTimeGenericRTPSource.cpp" />
    <ClCompile Include="..\liveMedia\RTCP.cpp" />
    <ClCompile Include="..\liveMedia\rtcp_from_spec.c" />
    <ClCompile Include="..\liveMedia\RTPInterface.cpp" />
    <ClCompile Include="..\liveMedia\RTPSink.cpp" />
    <ClCompile Include="..\liveMedia\RTPSource.cpp" />
    <ClCompile Include="..\liveMedia\RTSPClient.cpp" />
    <ClCompile Include="..\liveMedia\RTSPCommon.cpp" />
    <ClCompile Include="..\liveMedia\RTSPServer.cpp" />
    <ClCompile Include="..\liveMedia\RTSPServerSupportingHTTPStreaming.cpp" />
    <ClCompile Include="..\liveMedia\ServerMediaSession.cpp" />
    <ClCompile Include="..\liveMedia\SimpleRTPSink.cpp" />
    <ClCompile Include="..\liveMedia\SimpleRTPSource.cpp" />
    <ClCompile Include="..\liveMedia\SIPClient.cpp" />
    <ClCompile Include="..\liveMedia\StreamParser.cpp" />
    <ClCompile Include="..\liveMedia\StreamReplicator.cpp" />
    <ClCompile Include="..\liveMedia\T140TextRTPSink.cpp" />
    <ClCompile Include="..\liveMedia\TCPStreamSink.cpp" />
    <ClCompile Include="..\liveMedia\TextRTPSink.cpp" />
    <ClCompile Include="..\liveMedia\uLawAudioFilter.cpp" />
    <ClCompile Include="..\liveMedia\VideoRTPSink.cpp" />
    <ClCompile Include="..\liveMedia\VorbisAudioRTPSink.cpp" />
    <ClCompile Include="..\liveMedia\VorbisAudioRTPSource.cpp" />
    <ClCompile Include="..\liveMedia\VP8VideoRTPSink.cpp" />
    <ClCompile Include="..\liveMedia\VP8VideoRTPSource.cpp" />
    <ClCompile Include="..\liveMedia\WAVAudioFileServerMediaSubsession.cpp" />
    <ClCompile Include="..\liveMedia\WAVAudioFileSource.cpp" />
    <ClCompile Include="..\liveMedia\GenericMediaServer.cpp" />
    <ClCompile Include="..\liveMedia\H264or5VideoFileSink.cpp" />
    <ClCompile Include="..\liveMedia\H264or5VideoRTPSink.cpp" />
    <ClCompile Include="..\liveMedia\H264or5VideoStreamDiscreteFramer.cpp" />
    <ClCompile Include="..\liveMedia\H264or5VideoStreamFramer.cpp" />
    <ClCompile Include="..\liveMedia\H265VideoFileServerMediaSubsession.cpp" />
    <ClCompile Include="..\liveMedia\H265VideoFileSink.cpp" />
    <ClCompile Include="..\liveMedia\H265VideoRTPSink.cpp" />
    <ClCompile Include="..\liveMedia\H265VideoRTPSource.cpp" />
    <ClCompile Include="..\liveMedia\H265VideoStreamDiscreteFramer.cpp" />
    <ClCompile Include="..\liveMedia\H265VideoStreamFramer.cpp" />
    <ClCompile Include="..\liveMedia\MatroskaFileServerMediaSubsession.cpp" />
    <ClCompile Include="..\liveMedia\MPEG2TransportStreamAccumulator.cpp" />
    <ClCompile Include="..\liveMedia\OggDemuxedTrack.cpp" />
    <ClCompile Include="..\liveMedia\OggFile.cpp" />
    <ClCompile Include="..\liveMedia\OggFileParser.cpp" />
    <ClCompile Include="..\liveMedia\OggFileServerDemux.cpp" />
    <ClCompile Include="..\liveMedia\OggFileServerMediaSubsession.cpp" />
    <ClCompile Include="..\liveMedia\OggFileSink.cpp" />
    <ClCompile Include="..\liveMedia\ourMD5.cpp" />
    <ClCompile Include="..\liveMedia\RawVideoRTPSink.cpp" />
    <ClCompile Include="..\liveMedia\RawVideoRTPSource.cpp" />
    <ClCompile Include="..\liveMedia\RTSPRegisterSender.cpp" />
    <ClCompile Include="..\liveMedia\RTSPServerRegister.cpp" />
    <ClCompile Include="..\liveMedia\TheoraVideoRTPSink.cpp" />
    <ClCompile Include="..\liveMedia\TheoraVideoRTPSource.cpp" />
    <ClCompile Include="..\liveMedia\VP9VideoRTPSink.cpp" />
    <ClCompile Include="..\liveMedia\VP9VideoRTPSource.cpp" />
  </ItemGroup>
  <ItemGroup>
    <ClInclude Include="..\liveMedia\rtcp_from_spec.h" />
    <ClInclude Include="..\liveMedia\MatroskaFileServerMediaSubsession.hh" />
    <ClInclude Include="..\liveMedia\OggDemuxedTrack.hh" />
    <ClInclude Include="..\liveMedia\OggFileParser.hh" />
    <ClInclude Include="..\liveMedia\OggFileServerMediaSubsession.hh" />
    <ClInclude Include="..\liveMedia\include\BitVector.hh">
      <Filter>include</Filter>
    </ClInclude>
    <ClInclude Include="..\liveMedia\include\GenericMediaServer.hh">
      <Filter>include</Filter>
    </ClInclude>
    <ClInclude Include="..\liveMedia\include\H264or5VideoFileSink.hh">
      <Filter>include</Filter>
    </ClInclude>
    <ClInclude Include="..\liveMedia\include\H264or5VideoRTPSink.hh">
      <Filter>include</Filter>
    </ClInclude>
    <ClInclude Include="..\liveMedia\include\H264or5VideoStreamDiscreteFramer.hh">
      <Filter>include</Filter>
    </ClInclude>
    <ClInclude Include="..\liveMedia\include\H264or5VideoStreamFramer.hh">
      <Filter>include</Filter>
    </ClInclude>
    <ClInclude Include="..\liveMedia\include\H265VideoFileServerMediaSubsession.hh">
      <Filter>include</Filter>
    </ClInclude>
    <ClInclude Include="..\liveMedia\include\H265VideoFileSink.hh">
      <Filter>include</Filter>
    </ClInclude>
    <ClInclude Include="..\liveMedia\include\H265VideoRTPSink.hh">
      <Filter>include</Filter>
    </ClInclude>
    <ClInclude Include="..\liveMedia\include\H265VideoRTPSource.hh">
      <Filter>include</Filter>
    </ClInclude>
    <ClInclude Include="..\liveMedia\include\H265VideoStreamDiscreteFramer.hh">
      <Filter>include</Filter>
    </ClInclude>
    <ClInclude Include="..\liveMedia\include\H265VideoStreamFramer.hh">
      <Filter>include</Filter>
    </ClInclude>
    <ClInclude Include="..\liveMedia\include\MediaTranscodingTable.hh">
      <Filter>include</Filter>
    </ClInclude>
    <ClInclude Include="..\liveMedia\include\MPEG2TransportStreamAccumulator.hh">
      <Filter>include</Filter>
    </ClInclude>
    <ClInclude Include="..\liveMedia\include\OggFile.hh">
      <Filter>include</Filter>
    </ClInclude>
    <ClInclude Include="..\liveMedia\include\OggFileServerDemux.hh">
      <Filter>include</Filter>
    </ClInclude>
    <ClInclude Include="..\liveMedia\include\OggFileSink.hh">
      <Filter>include</Filter>
    </ClInclude>
    <ClInclude Include="..\liveMedia\include\ourMD5.hh">
      <Filter>include</Filter>
    </ClInclude>
    <ClInclude Include="..\liveMedia\include\RawVideoRTPSink.hh">
      <Filter>include</Filter>
    </ClInclude>
    <ClInclude Include="..\liveMedia\include\RawVideoRTPSource.hh">
      <Filter>include</Filter>
    </ClInclude>
    <ClInclude Include="..\liveMedia\include\RTSPRegisterSender.hh">
      <Filter>include</Filter>
    </ClInclude>
    <ClInclude Include="..\liveMedia\include\TheoraVideoRTPSink.hh">
      <Filter>include</Filter>
    </ClInclude>
    <ClInclude Include="..\liveMedia\include\TheoraVideoRTPSource.hh">
      <Filter>include</Filter>
    </ClInclude>
    <ClInclude Include="..\liveMedia\include\VP9VideoRTPSink.hh">
      <Filter>include</Filter>
    </ClInclude>
    <ClInclude Include="..\liveMedia\include\VP9VideoRTPSource.hh">
      <Filter>include</Filter>
    </ClInclude>
  </ItemGroup>
  <ItemGroup>
    <Filter Include="include">
      <UniqueIdentifier>{a65f2e65-f7a3-4bfd-9d6c-3460751431da}</UniqueIdentifier>
    </Filter>
  </ItemGroup>
  <ItemGroup>
    <None Include="..\liveMedia\include\AC3AudioFileServerMediaSubsession.hh">
      <Filter>include</Filter>
    </None>
    <None Include="..\liveMedia\include\AC3AudioRTPSink.hh">
      <Filter>include</Filter>
    </None>
    <None Include="..\liveMedia\include\AC3AudioRTPSource.hh">
      <Filter>include</Filter>
    </None>
    <None Include="..\liveMedia\include\AC3AudioStreamFramer.hh">
      <Filter>include</Filter>
    </None>
    <None Include="..\liveMedia\include\ADTSAudioFileServerMediaSubsession.hh">
      <Filter>include</Filter>
    </None>
    <None Include="..\liveMedia\include\ADTSAudioFileSource.hh">
      <Filter>include</Filter>
    </None>
    <None Include="..\liveMedia\include\AMRAudioFileServerMediaSubsession.hh">
      <Filter>include</Filter>
    </None>
    <None Include="..\liveMedia\include\AMRAudioFileSink.hh">
      <Filter>include</Filter>
    </None>
    <None Include="..\liveMedia\include\AMRAudioFileSource.hh">
      <Filter>include</Filter>
    </None>
    <None Include="..\liveMedia\include\AMRAudioRTPSink.hh">
      <Filter>include</Filter>
    </None>
    <None Include="..\liveMedia\include\AMRAudioRTPSource.hh">
      <Filter>include</Filter>
    </None>
    <None Include="..\liveMedia\include\AMRAudioSource.hh">
      <Filter>include</Filter>
    </None>
    <None Include="..\liveMedia\include\AudioInputDevice.hh">
      <Filter>include</Filter>
    </None>
    <None Include="..\liveMedia\include\AudioRTPSink.hh">
      <Filter>include</Filter>
    </None>
    <None Include="..\liveMedia\include\AVIFileSink.hh">
      <Filter>include</Filter>
    </None>
    <None Include="..\liveMedia\include\Base64.hh">
      <Filter>include</Filter>
    </None>
    <None Include="..\liveMedia\include\BasicUDPSink.hh">
      <Filter>include</Filter>
    </None>
    <None Include="..\liveMedia\include\BasicUDPSource.hh">
      <Filter>include</Filter>
    </None>
    <None Include="..\liveMedia\include\ByteStreamFileSource.hh">
      <Filter>include</Filter>
    </None>
    <None Include="..\liveMedia\include\ByteStreamMemoryBufferSource.hh">
      <Filter>include</Filter>
    </None>
    <None Include="..\liveMedia\include\ByteStreamMultiFileSource.hh">
      <Filter>include</Filter>
    </None>
    <None Include="..\liveMedia\include\DeviceSource.hh">
      <Filter>include</Filter>
    </None>
    <None Include="..\liveMedia\include\DigestAuthentication.hh">
      <Filter>include</Filter>
    </None>
    <None Include="..\liveMedia\include\DVVideoFileServerMediaSubsession.hh">
      <Filter>include</Filter>
    </None>
    <None Include="..\liveMedia\include\DVVideoRTPSink.hh">
      <Filter>include</Filter>
    </None>
    <None Include="..\liveMedia\include\DVVideoRTPSource.hh">
      <Filter>include</Filter>
    </None>
    <None Include="..\liveMedia\include\DVVideoStreamFramer.hh">
      <Filter>include</Filter>
    </None>
    <None Include="..\liveMedia\include\FileServerMediaSubsession.hh">
      <Filter>include</Filter>
    </None>
    <None Include="..\liveMedia\include\FileSink.hh">
      <Filter>include</Filter>
    </None>
    <None Include="..\liveMedia\include\FramedFileSource.hh">
      <Filter>include</Filter>
    </None>
    <None Include="..\liveMedia\include\FramedFilter.hh">
      <Filter>include</Filter>
    </None>
    <None Include="..\liveMedia\include\FramedSource.hh">
      <Filter>include</Filter>
    </None>
    <None Include="..\liveMedia\include\GSMAudioRTPSink.hh">
      <Filter>include</Filter>
    </None>
    <None Include="..\liveMedia\include\H261VideoRTPSource.hh">
      <Filter>include</Filter>
    </None>
    <None Include="..\liveMedia\include\H263plusVideoFileServerMediaSubsession.hh">
      <Filter>include</Filter>
    </None>
    <None Include="..\liveMedia\include\H263plusVideoRTPSink.hh">
      <Filter>include</Filter>
    </None>
    <None Include="..\liveMedia\include\H263plusVideoRTPSource.hh">
      <Filter>include</Filter>
    </None>
    <None Include="..\liveMedia\include\H263plusVideoStreamFramer.hh">
      <Filter>include</Filter>
    </None>
    <None Include="..\liveMedia\include\H264VideoFileServerMediaSubsession.hh">
      <Filter>include</Filter>
    </None>
    <None Include="..\liveMedia\include\H264VideoFileSink.hh">
      <Filter>include</Filter>
    </None>
    <None Include="..\liveMedia\include\H264VideoRTPSink.hh">
      <Filter>include</Filter>
    </None>
    <None Include="..\liveMedia\include\H264VideoRTPSource.hh">
      <Filter>include</Filter>
    </None>
    <None Include="..\liveMedia\include\H264VideoStreamDiscreteFramer.hh">
      <Filter>include</Filter>
    </None>
    <None Include="..\liveMedia\include\H264VideoStreamFramer.hh">
      <Filter>include</Filter>
    </None>
    <None Include="..\liveMedia\include\InputFile.hh">
      <Filter>include</Filter>
    </None>
    <None Include="..\liveMedia\include\JPEGVideoRTPSink.hh">
      <Filter>include</Filter>
    </None>
    <None Include="..\liveMedia\include\JPEGVideoRTPSource.hh">
      <Filter>include</Filter>
    </None>
    <None Include="..\liveMedia\include\JPEGVideoSource.hh">
      <Filter>include</Filter>
    </None>
    <None Include="..\liveMedia\include\liveMedia.hh">
      <Filter>include</Filter>
    </None>
    <None Include="..\liveMedia\include\liveMedia_version.hh">
      <Filter>include</Filter>
    </None>
    <None Include="..\liveMedia\include\Locale.hh">
      <Filter>include</Filter>
    </None>
    <None Include="..\liveMedia\include\MatroskaFile.hh">
      <Filter>include</Filter>
    </None>
    <None Include="..\liveMedia\include\MatroskaFileServerDemux.hh">
      <Filter>include</Filter>
    </None>
    <None Include="..\liveMedia\include\Media.hh">
      <Filter>include</Filter>
    </None>
    <None Include="..\liveMedia\include\MediaSession.hh">
      <Filter>include</Filter>
    </None>
    <None Include="..\liveMedia\include\MediaSink.hh">
      <Filter>include</Filter>
    </None>
    <None Include="..\liveMedia\include\MediaSource.hh">
      <Filter>include</Filter>
    </None>
    <None Include="..\liveMedia\include\MP3ADU.hh">
      <Filter>include</Filter>
    </None>
    <None Include="..\liveMedia\include\MP3ADUinterleaving.hh">
      <Filter>include</Filter>
    </None>
    <None Include="..\liveMedia\include\MP3ADURTPSink.hh">
      <Filter>include</Filter>
    </None>
    <None Include="..\liveMedia\include\MP3ADURTPSource.hh">
      <Filter>include</Filter>
    </None>
    <None Include="..\liveMedia\include\MP3ADUTranscoder.hh">
      <Filter>include</Filter>
    </None>
    <None Include="..\liveMedia\include\MP3AudioFileServerMediaSubsession.hh">
      <Filter>include</Filter>
    </None>
    <None Include="..\liveMedia\include\MP3FileSource.hh">
      <Filter>include</Filter>
    </None>
    <None Include="..\liveMedia\include\MP3Transcoder.hh">
      <Filter>include</Filter>
    </None>
    <None Include="..\liveMedia\include\MPEG1or2AudioRTPSink.hh">
      <Filter>include</Filter>
    </None>
    <None Include="..\liveMedia\include\MPEG1or2AudioRTPSource.hh">
      <Filter>include</Filter>
    </None>
    <None Include="..\liveMedia\include\MPEG1or2AudioStreamFramer.hh">
      <Filter>include</Filter>
    </None>
    <None Include="..\liveMedia\include\MPEG1or2Demux.hh">
      <Filter>include</Filter>
    </None>
    <None Include="..\liveMedia\include\MPEG1or2DemuxedElementaryStream.hh">
      <Filter>include</Filter>
    </None>
    <None Include="..\liveMedia\include\MPEG1or2DemuxedServerMediaSubsession.hh">
      <Filter>include</Filter>
    </None>
    <None Include="..\liveMedia\include\MPEG1or2FileServerDemux.hh">
      <Filter>include</Filter>
    </None>
    <None Include="..\liveMedia\include\MPEG1or2VideoFileServerMediaSubsession.hh">
      <Filter>include</Filter>
    </None>
    <None Include="..\liveMedia\include\MPEG1or2VideoRTPSink.hh">
      <Filter>include</Filter>
    </None>
    <None Include="..\liveMedia\include\MPEG1or2VideoRTPSource.hh">
      <Filter>include</Filter>
    </None>
    <None Include="..\liveMedia\include\MPEG1or2VideoStreamDiscreteFramer.hh">
      <Filter>include</Filter>
    </None>
    <None Include="..\liveMedia\include\MPEG1or2VideoStreamFramer.hh">
      <Filter>include</Filter>
    </None>
    <None Include="..\liveMedia\include\MPEG2IndexFromTransportStream.hh">
      <Filter>include</Filter>
    </None>
    <None Include="..\liveMedia\include\MPEG2TransportFileServerMediaSubsession.hh">
      <Filter>include</Filter>
    </None>
    <None Include="..\liveMedia\include\MPEG2TransportStreamFramer.hh">
      <Filter>include</Filter>
    </None>
    <None Include="..\liveMedia\include\MPEG2TransportStreamFromESSource.hh">
      <Filter>include</Filter>
    </None>
    <None Include="..\liveMedia\include\MPEG2TransportStreamFromPESSource.hh">
      <Filter>include</Filter>
    </None>
    <None Include="..\liveMedia\include\MPEG2TransportStreamIndexFile.hh">
      <Filter>include</Filter>
    </None>
    <None Include="..\liveMedia\include\MPEG2TransportStreamMultiplexor.hh">
      <Filter>include</Filter>
    </None>
    <None Include="..\liveMedia\include\MPEG2TransportStreamTrickModeFilter.hh">
      <Filter>include</Filter>
    </None>
    <None Include="..\liveMedia\include\MPEG2TransportUDPServerMediaSubsession.hh">
      <Filter>include</Filter>
    </None>
    <None Include="..\liveMedia\include\MPEG4ESVideoRTPSink.hh">
      <Filter>include</Filter>
    </None>
    <None Include="..\liveMedia\include\MPEG4ESVideoRTPSource.hh">
      <Filter>include</Filter>
    </None>
    <None Include="..\liveMedia\include\MPEG4GenericRTPSink.hh">
      <Filter>include</Filter>
    </None>
    <None Include="..\liveMedia\include\MPEG4GenericRTPSource.hh">
      <Filter>include</Filter>
    </None>
    <None Include="..\liveMedia\include\MPEG4LATMAudioRTPSink.hh">
      <Filter>include</Filter>
    </None>
    <None Include="..\liveMedia\include\MPEG4LATMAudioRTPSource.hh">
      <Filter>include</Filter>
    </None>
    <None Include="..\liveMedia\include\MPEG4VideoFileServerMediaSubsession.hh">
      <Filter>include</Filter>
    </None>
    <None Include="..\liveMedia\include\MPEG4VideoStreamDiscreteFramer.hh">
      <Filter>include</Filter>
    </None>
    <None Include="..\liveMedia\include\MPEG4VideoStreamFramer.hh">
      <Filter>include</Filter>
    </None>
    <None Include="..\liveMedia\include\MPEGVideoStreamFramer.hh">
      <Filter>include</Filter>
    </None>
    <None Include="..\liveMedia\include\MultiFramedRTPSink.hh">
      <Filter>include</Filter>
    </None>
    <None Include="..\liveMedia\include\MultiFramedRTPSource.hh">
      <Filter>include</Filter>
    </None>
    <None Include="..\liveMedia\include\OnDemandServerMediaSubsession.hh">
      <Filter>include</Filter>
    </None>
    <None Include="..\liveMedia\include\OutputFile.hh">
      <Filter>include</Filter>
    </None>
    <None Include="..\liveMedia\include\PassiveServerMediaSubsession.hh">
      <Filter>include</Filter>
    </None>
    <None Include="..\liveMedia\include\ProxyServerMediaSession.hh">
      <Filter>include</Filter>
    </None>
    <None Include="..\liveMedia\include\QCELPAudioRTPSource.hh">
      <Filter>include</Filter>
    </None>
    <None Include="..\liveMedia\include\QuickTimeFileSink.hh">
      <Filter>include</Filter>
    </None>
    <None Include="..\liveMedia\include\QuickTimeGenericRTPSource.hh">
      <Filter>include</Filter>
    </None>
    <None Include="..\liveMedia\include\RTCP.hh">
      <Filter>include</Filter>
    </None>
    <None Include="..\liveMedia\include\RTPInterface.hh">
      <Filter>include</Filter>
    </None>
    <None Include="..\liveMedia\include\RTPSink.hh">
      <Filter>include</Filter>
    </None>
    <None Include="..\liveMedia\include\RTPSource.hh">
      <Filter>include</Filter>
    </None>
    <None Include="..\liveMedia\include\RTSPClient.hh">
      <Filter>include</Filter>
    </None>
    <None Include="..\liveMedia\include\RTSPCommon.hh">
      <Filter>include</Filter>
    </None>
    <None Include="..\liveMedia\include\RTSPServer.hh">
      <Filter>include</Filter>
    </None>
    <None Include="..\liveMedia\include\RTSPServerSupportingHTTPStreaming.hh">
      <Filter>include</Filter>
    </None>
    <None Include="..\liveMedia\include\ServerMediaSession.hh">
      <Filter>include</Filter>
    </None>
    <None Include="..\liveMedia\include\SimpleRTPSink.hh">
      <Filter>include</Filter>
    </None>
    <None Include="..\liveMedia\include\SimpleRTPSource.hh">
      <Filter>include</Filter>
    </None>
    <None Include="..\liveMedia\include\SIPClient.hh">
      <Filter>include</Filter>
    </None>
    <None Include="..\liveMedia\include\StreamReplicator.hh">
      <Filter>include</Filter>
    </None>
    <None Include="..\liveMedia\include\T140TextRTPSink.hh">
      <Filter>include</Filter>
    </None>
    <None Include="..\liveMedia\include\TCPStreamSink.hh">
      <Filter>include</Filter>
    </None>
    <None Include="..\liveMedia\include\TextRTPSink.hh">
      <Filter>include</Filter>
    </None>
    <None Include="..\liveMedia\include\uLawAudioFilter.hh">
      <Filter>include</Filter>
    </None>
    <None Include="..\liveMedia\include\VideoRTPSink.hh">
      <Filter>include</Filter>
    </None>
    <None Include="..\liveMedia\include\VorbisAudioRTPSink.hh">
      <Filter>include</Filter>
    </None>
    <None Include="..\liveMedia\include\VorbisAudioRTPSource.hh">
      <Filter>include</Filter>
    </None>
    <None Include="..\liveMedia\include\VP8VideoRTPSink.hh">
      <Filter>include</Filter>
    </None>
    <None Include="..\liveMedia\include\VP8VideoRTPSource.hh">
      <Filter>include</Filter>
    </None>
    <None Include="..\liveMedia\include\WAVAudioFileServerMediaSubsession.hh">
      <Filter>include</Filter>
    </None>
    <None Include="..\liveMedia\include\WAVAudioFileSource.hh">
      <Filter>include</Filter>
    </None>
    <None Include="..\liveMedia\EBMLNumber.hh" />
    <None Include="..\liveMedia\H263plusVideoStreamParser.hh" />
    <None Include="..\liveMedia\MatroskaDemuxedTrack.hh" />
    <None Include="..\liveMedia\MatroskaFileParser.hh" />
    <None Include="..\liveMedia\MP3ADUdescriptor.hh" />
    <None Include="..\liveMedia\MP3AudioMatroskaFileServerMediaSubsession.hh" />
    <None Include="..\liveMedia\MP3Internals.hh" />
    <None Include="..\liveMedia\MP3InternalsHuffman.hh" />
    <None Include="..\liveMedia\MP3StreamState.hh" />
    <None Include="..\liveMedia\MPEGVideoStreamParser.hh" />
    <None Include="..\liveMedia\StreamParser.hh" />
  </ItemGroup>
</Project>