
Microsoft Visual Studio Solution File, Format Version 12.00
# Visual Studio 2013
VisualStudioVersion = 12.0.40629.0
MinimumVisualStudioVersion = 10.0.40219.1
Project("{8BC9CEB8-8B4A-11D0-8D11-00A0C91BC942}") = "BasicUsageEnvironment", "BasicUsageEnvironment.vcxproj", "{005438CF-1FE5-4641-BF49-D93D9EF38A6F}"
EndProject
Project("{8BC9CEB8-8B4A-11D0-8D11-00A0C91BC942}") = "groupsock", "groupsock.vcxproj", "{34DB3482-87A0-4000-9575-3D99CBA0945D}"
EndProject
Project("{8BC9CEB8-8B4A-11D0-8D11-00A0C91BC942}") = "liveMedia", "liveMedia.vcxproj", "{C1206569-D087-4CD8-A950-EB0FA7123440}"
EndProject
Project("{8BC9CEB8-8B4A-11D0-8D11-00A0C91BC942}") = "UsageEnvironment", "UsageEnvironment.vcxproj", "{785B709B-BC9C-4C06-BC8E-EFAC5642CBD2}"
EndProject
Project("{8BC9CEB8-8B4A-11D0-8D11-00A0C91BC942}") = "MediaServer", "MediaServer.vcxproj", "{765A9E06-7BB5-4639-965F-3610E3658EB3}"
EndProject
Project("{8BC9CEB8-8B4A-11D0-8D11-00A0C91BC942}") = "MediaInfoLib", "..\MediaInfoLib\Project\MSVC2013\Library\MediaInfoLib.vcxproj", "{20E0F8D6-213C-460B-B361-9C725CB375C7}"
EndProject
Project("{2150E333-8FDC-42A3-9474-1A3956D46DE8}") = "MediaInfo", "MediaInfo", "{976B3EC9-6BF3-4C71-BE20-1C2DBFD8D17B}"
EndProject
Project("{8BC9CEB8-8B4A-11D0-8D11-00A0C91BC942}") = "zlibstat", "..\zlib\contrib\vstudio\vc12\zlibstat.vcxproj", "{745DEC58-EBB3-47A9-A9B8-4C6627C01BF8}"
EndProject
Project("{8BC9CEB8-8B4A-11D0-8D11-00A0C91BC942}") = "ZenLib", "..\ZenLib\Project\MSVC2013\Library\ZenLib.vcxproj", "{0DA1DA7D-F393-4E7C-A7CE-CB5C6A67BC94}"
EndProject
Project("{8BC9CEB8-8B4A-11D0-8D11-00A0C91BC942}") = "MediaInfoDll", "..\MediaInfoLib\Project\MSVC2013\Dll\MediaInfoDll.vcxproj", "{BE6D3EF8-2F82-4F1E-956A-890C3614A2D5}"
EndProject
Project("{2150E333-8FDC-42A3-9474-1A3956D46DE8}") = "Live555", "Live555", "{970D613D-A7F5-449B-BAE8-C03E580F100A}"
EndProject
Project("{8BC9CEB8-8B4A-11D0-8D11-00A0C91BC942}") = "MPEGTSStreamIndexer", "MPEGTSStreamIndexer.vcxproj", "{8E26704B-C914-45B3-8BF0-5433585BD96E}"
EndProject
Project("{8BC9CEB8-8B4A-11D0-8D11-00A0C91BC942}") = "testMPEG1or2ProgramToTransportStream", "testMPEG1or2ProgramToTransportStream.vcxproj", "{D4537A56-E2C0-45E2-881A-40FF8FAD106C}"
EndProject
Project("{8BC9CEB8-8B4A-11D0-8D11-00A0C91BC942}") = "testMPEG4VideoStreamer", "testMPEG4VideoStreamer.vcxproj", "{5BCB393C-30F5-4067-92B7-0A11EEED1949}"
EndProject
Project("{8BC9CEB8-8B4A-11D0-8D11-00A0C91BC942}") = "testOnDemandRTSPServer", "testOnDemandRTSPServer.vcxproj", "{B5EA2F71-06E3-43AA-9E3C-3D505B0F6224}"
EndProject
Project("{8BC9CEB8-8B4A-11D0-8D11-00A0C91BC942}") = "testRTSPClient", "testRTSPClient.vcxproj", "{A68022C2-F993-46AE-BDC5-D86A32C214D6}"
EndProject
Project("{8BC9CEB8-8B4A-11D0-8D11-00A0C91BC942}") = "ProxyServer", "ProxyServer.vcxproj", "{51D54F4B-968A-446D-B3B9-7773246DB24D}"
EndProject
Global
	GlobalSection(SolutionConfigurationPlatforms) = preSolution
		Debug|Itanium = Debug|Itanium
		Debug|Win32 = Debug|Win32
		Debug|x64 = Debug|x64
		Release|Itanium = Release|Itanium
		Release|Win32 = Release|Win32
		Release|x64 = Release|x64
		ReleaseWithoutAsm|Itanium = ReleaseWithoutAsm|Itanium
		ReleaseWithoutAsm|Win32 = ReleaseWithoutAsm|Win32
		ReleaseWithoutAsm|x64 = ReleaseWithoutAsm|x64
	EndGlobalSection
	GlobalSection(ProjectConfigurationPlatforms) = postSolution
		{005438CF-1FE5-4641-BF49-D93D9EF38A6F}.Debug|Itanium.ActiveCfg = Debug|Win32
		{005438CF-1FE5-4641-BF49-D93D9EF38A6F}.Debug|Win32.ActiveCfg = Debug|Win32
		{005438CF-1FE5-4641-BF49-D93D9EF38A6F}.Debug|Win32.Build.0 = Debug|Win32
		{005438CF-1FE5-4641-BF49-D93D9EF38A6F}.Debug|x64.ActiveCfg = Debug|Win32
		{005438CF-1FE5-4641-BF49-D93D9EF38A6F}.Release|Itanium.ActiveCfg = Release|Win32
		{005438CF-1FE5-4641-BF49-D93D9EF38A6F}.Release|Win32.ActiveCfg = Release|Win32
		{005438CF-1FE5-4641-BF49-D93D9EF38A6F}.Release|Win32.Build.0 = Release|Win32
		{005438CF-1FE5-4641-BF49-D93D9EF38A6F}.Release|x64.ActiveCfg = Release|Win32
		{005438CF-1FE5-4641-BF49-D93D9EF38A6F}.ReleaseWithoutAsm|Itanium.ActiveCfg = Release|Win32
		{005438CF-1FE5-4641-BF49-D93D9EF38A6F}.ReleaseWithoutAsm|Win32.ActiveCfg = Release|Win32
		{005438CF-1FE5-4641-BF49-D93D9EF38A6F}.ReleaseWithoutAsm|Win32.Build.0 = Release|Win32
		{005438CF-1FE5-4641-BF49-D93D9EF38A6F}.ReleaseWithoutAsm|x64.ActiveCfg = Release|Win32
		{34DB3482-87A0-4000-9575-3D99CBA0945D}.Debug|Itanium.ActiveCfg = Debug|Win32
		{34DB3482-87A0-4000-9575-3D99CBA0945D}.Debug|Win32.ActiveCfg = Debug|Win32
		{34DB3482-87A0-4000-9575-3D99CBA0945D}.Debug|Win32.Build.0 = Debug|Win32
		{34DB3482-87A0-4000-9575-3D99CBA0945D}.Debug|x64.ActiveCfg = Debug|Win32
		{34DB3482-87A0-4000-9575-3D99CBA0945D}.Release|Itanium.ActiveCfg = Release|Win32
		{34DB3482-87A0-4000-9575-3D99CBA0945D}.Release|Win32.ActiveCfg = Release|Win32
		{34DB3482-87A0-4000-9575-3D99CBA0945D}.Release|Win32.Build.0 = Release|Win32
		{34DB3482-87A0-4000-9575-3D99CBA0945D}.Release|x64.ActiveCfg = Release|Win32
		{34DB3482-87A0-4000-9575-3D99CBA0945D}.ReleaseWithoutAsm|Itanium.ActiveCfg = Release|Win32
		{34DB3482-87A0-4000-9575-3D99CBA0945D}.ReleaseWithoutAsm|Win32.ActiveCfg = Release|Win32
		{34DB3482-87A0-4000-9575-3D99CBA0945D}.ReleaseWithoutAsm|Win32.Build.0 = Release|Win32
		{34DB3482-87A0-4000-9575-3D99CBA0945D}.ReleaseWithoutAsm|x64.ActiveCfg = Release|Win32
		{C1206569-D087-4CD8-A950-EB0FA7123440}.Debug|Itanium.ActiveCfg = Debug|Win32
		{C1206569-D087-4CD8-A950-EB0FA7123440}.Debug|Win32.ActiveCfg = Debug|Win32
		{C1206569-D087-4CD8-A950-EB0FA7123440}.Debug|Win32.Build.0 = Debug|Win32
		{C1206569-D087-4CD8-A950-EB0FA7123440}.Debug|x64.ActiveCfg = Debug|Win32
		{C1206569-D087-4CD8-A950-EB0FA7123440}.Release|Itanium.ActiveCfg = Release|Win32
		{C1206569-D087-4CD8-A950-EB0FA7123440}.Release|Win32.ActiveCfg = Release|Win32
		{C1206569-D087-4CD8-A950-EB0FA7123440}.Release|Win32.Build.0 = Release|Win32
		{C1206569-D087-4CD8-A950-EB0FA7123440}.Release|x64.ActiveCfg = Release|Win32
		{C1206569-D087-4CD8-A950-EB0FA7123440}.ReleaseWithoutAsm|Itanium.ActiveCfg = Release|Win32
		{C1206569-D087-4CD8-A950-EB0FA7123440}.ReleaseWithoutAsm|Win32.ActiveCfg = Release|Win32
		{C1206569-D087-4CD8-A950-EB0FA7123440}.ReleaseWithoutAsm|Win32.Build.0 = Release|Win32
		{C1206569-D087-4CD8-A950-EB0FA7123440}.ReleaseWithoutAsm|x64.ActiveCfg = Release|Win32
		{785B709B-BC9C-4C06-BC8E-EFAC5642CBD2}.Debug|Itanium.ActiveCfg = Debug|Win32
		{785B709B-BC9C-4C06-BC8E-EFAC5642CBD2}.Debug|Win32.ActiveCfg = Debug|Win32
		{785B709B-BC9C-4C06-BC8E-EFAC5642CBD2}.Debug|Win32.Build.0 = Debug|Win32
		{785B709B-BC9C-4C06-BC8E-EFAC5642CBD2}.Debug|x64.ActiveCfg = Debug|Win32
		{785B709B-BC9C-4C06-BC8E-EFAC5642CBD2}.Release|Itanium.ActiveCfg = Release|Win32
		{785B709B-BC9C-4C06-BC8E-EFAC5642CBD2}.Release|Win32.ActiveCfg = Release|Win32
		{785B709B-BC9C-4C06-BC8E-EFAC5642CBD2}.Release|Win32.Build.0 = Release|Win32
		{785B709B-BC9C-4C06-BC8E-EFAC5642CBD2}.Release|x64.ActiveCfg = Release|Win32
		{785B709B-BC9C-4C06-BC8E-EFAC5642CBD2}.ReleaseWithoutAsm|Itanium.ActiveCfg = Release|Win32
		{785B709B-BC9C-4C06-BC8E-EFAC5642CBD2}.ReleaseWithoutAsm|Win32.ActiveCfg = Release|Win32
		{785B709B-BC9C-4C06-BC8E-EFAC5642CBD2}.ReleaseWithoutAsm|Win32.Build.0 = Release|Win32
		{785B709B-BC9C-4C06-BC8E-EFAC5642CBD2}.ReleaseWithoutAsm|x64.ActiveCfg = Release|Win32
		{765A9E06-7BB5-4639-965F-3610E3658EB3}.Debug|Itanium.ActiveCfg = Debug|Win32
		{765A9E06-7BB5-4639-965F-3610E3658EB3}.Debug|Win32.ActiveCfg = Debug|Win32
		{765A9E06-7BB5-4639-965F-3610E3658EB3}.Debug|Win32.Build.0 = Debug|Win32
		{765A9E06-7BB5-4639-965F-3610E3658EB3}.Debug|x64.ActiveCfg = Debug|x64
		{765A9E06-7BB5-4639-965F-3610E3658EB3}.Debug|x64.Build.0 = Debug|x64
		{765A9E06-7BB5-4639-965F-3610E3658EB3}.Release|Itanium.ActiveCfg = Release|Win32
		{765A9E06-7BB5-4639-965F-3610E3658EB3}.Release|Win32.ActiveCfg = Release|Win32
		{765A9E06-7BB5-4639-965F-3610E3658EB3}.Release|Win32.Build.0 = Release|Win32
		{765A9E06-7BB5-4639-965F-3610E3658EB3}.Release|x64.ActiveCfg = Release|x64
		{765A9E06-7BB5-4639-965F-3610E3658EB3}.Release|x64.Build.0 = Release|x64
		{765A9E06-7BB5-4639-965F-3610E3658EB3}.ReleaseWithoutAsm|Itanium.ActiveCfg = Release|Win32
		{765A9E06-7BB5-4639-965F-3610E3658EB3}.ReleaseWithoutAsm|Win32.ActiveCfg = Release|Win32
		{765A9E06-7BB5-4639-965F-3610E3658EB3}.ReleaseWithoutAsm|Win32.Build.0 = Release|Win32
		{765A9E06-7BB5-4639-965F-3610E3658EB3}.ReleaseWithoutAsm|x64.ActiveCfg = Release|x64
		{765A9E06-7BB5-4639-965F-3610E3658EB3}.ReleaseWithoutAsm|x64.Build.0 = Release|x64
		{20E0F8D6-213C-460B-B361-9C725CB375C7}.Debug|Itanium.ActiveCfg = Debug|Win32
		{20E0F8D6-213C-460B-B361-9C725CB375C7}.Debug|Win32.ActiveCfg = Debug|Win32
		{20E0F8D6-213C-460B-B361-9C725CB375C7}.Debug|Win32.Build.0 = Debug|Win32
		{20E0F8D6-213C-460B-B361-9C725CB375C7}.Debug|x64.ActiveCfg = Debug|x64
		{20E0F8D6-213C-460B-B361-9C725CB375C7}.Debug|x64.Build.0 = Debug|x64
		{20E0F8D6-213C-460B-B361-9C725CB375C7}.Release|Itanium.ActiveCfg = Release|Win32
		{20E0F8D6-213C-460B-B361-9C725CB375C7}.Release|Win32.ActiveCfg = Release|Win32
		{20E0F8D6-213C-460B-B361-9C725CB375C7}.Release|Win32.Build.0 = Release|Win32
		{20E0F8D6-213C-460B-B361-9C725CB375C7}.Release|x64.ActiveCfg = Release|x64
		{20E0F8D6-213C-460B-B361-9C725CB375C7}.Release|x64.Build.0 = Release|x64
		{20E0F8D6-213C-460B-B361-9C725CB375C7}.ReleaseWithoutAsm|Itanium.ActiveCfg = Release|Win32
		{20E0F8D6-213C-460B-B361-9C725CB375C7}.ReleaseWithoutAsm|Win32.ActiveCfg = Release|Win32
		{20E0F8D6-213C-460B-B361-9C725CB375C7}.ReleaseWithoutAsm|Win32.Build.0 = Release|Win32
		{20E0F8D6-213C-460B-B361-9C725CB375C7}.ReleaseWithoutAsm|x64.ActiveCfg = Release|x64
		{20E0F8D6-213C-460B-B361-9C725CB375C7}.ReleaseWithoutAsm|x64.Build.0 = Release|x64
		{745DEC58-EBB3-47A9-A9B8-4C6627C01BF8}.Debug|Itanium.ActiveCfg = Debug|Itanium
		{745DEC58-EBB3-47A9-A9B8-4C6627C01BF8}.Debug|Itanium.Build.0 = Debug|Itanium
		{745DEC58-EBB3-47A9-A9B8-4C6627C01BF8}.Debug|Win32.ActiveCfg = Debug|Win32
		{745DEC58-EBB3-47A9-A9B8-4C6627C01BF8}.Debug|Win32.Build.0 = Debug|Win32
		{745DEC58-EBB3-47A9-A9B8-4C6627C01BF8}.Debug|x64.ActiveCfg = Debug|x64
		{745DEC58-EBB3-47A9-A9B8-4C6627C01BF8}.Debug|x64.Build.0 = Debug|x64
		{745DEC58-EBB3-47A9-A9B8-4C6627C01BF8}.Release|Itanium.ActiveCfg = Release|Itanium
		{745DEC58-EBB3-47A9-A9B8-4C6627C01BF8}.Release|Itanium.Build.0 = Release|Itanium
		{745DEC58-EBB3-47A9-A9B8-4C6627C01BF8}.Release|Win32.ActiveCfg = Release|Win32
		{745DEC58-EBB3-47A9-A9B8-4C6627C01BF8}.Release|Win32.Build.0 = Release|Win32
		{745DEC58-EBB3-47A9-A9B8-4C6627C01BF8}.Release|x64.ActiveCfg = Release|x64
		{745DEC58-EBB3-47A9-A9B8-4C6627C01BF8}.Release|x64.Build.0 = Release|x64
		{745DEC58-EBB3-47A9-A9B8-4C6627C01BF8}.ReleaseWithoutAsm|Itanium.ActiveCfg = ReleaseWithoutAsm|Itanium
		{745DEC58-EBB3-47A9-A9B8-4C6627C01BF8}.ReleaseWithoutAsm|Itanium.Build.0 = ReleaseWithoutAsm|Itanium
		{745DEC58-EBB3-47A9-A9B8-4C6627C01BF8}.ReleaseWithoutAsm|Win32.ActiveCfg = ReleaseWithoutAsm|Win32
		{745DEC58-EBB3-47A9-A9B8-4C6627C01BF8}.ReleaseWithoutAsm|Win32.Build.0 = ReleaseWithoutAsm|Win32
		{745DEC58-EBB3-47A9-A9B8-4C6627C01BF8}.ReleaseWithoutAsm|x64.ActiveCfg = ReleaseWithoutAsm|x64
		{745DEC58-EBB3-47A9-A9B8-4C6627C01BF8}.ReleaseWithoutAsm|x64.Build.0 = ReleaseWithoutAsm|x64
		{0DA1DA7D-F393-4E7C-A7CE-CB5C6A67BC94}.Debug|Itanium.ActiveCfg = Debug|Win32
		{0DA1DA7D-F393-4E7C-A7CE-CB5C6A67BC94}.Debug|Win32.ActiveCfg = Debug|Win32
		{0DA1DA7D-F393-4E7C-A7CE-CB5C6A67BC94}.Debug|Win32.Build.0 = Debug|Win32
		{0DA1DA7D-F393-4E7C-A7CE-CB5C6A67BC94}.Debug|x64.ActiveCfg = Debug|x64
		{0DA1DA7D-F393-4E7C-A7CE-CB5C6A67BC94}.Debug|x64.Build.0 = Debug|x64
		{0DA1DA7D-F393-4E7C-A7CE-CB5C6A67BC94}.Release|Itanium.ActiveCfg = Release|Win32
		{0DA1DA7D-F393-4E7C-A7CE-CB5C6A67BC94}.Release|Win32.ActiveCfg = Release|Win32
		{0DA1DA7D-F393-4E7C-A7CE-CB5C6A67BC94}.Release|Win32.Build.0 = Release|Win32
		{0DA1DA7D-F393-4E7C-A7CE-CB5C6A67BC94}.Release|x64.ActiveCfg = Release|x64
		{0DA1DA7D-F393-4E7C-A7CE-CB5C6A67BC94}.Release|x64.Build.0 = Release|x64
		{0DA1DA7D-F393-4E7C-A7CE-CB5C6A67BC94}.ReleaseWithoutAsm|Itanium.ActiveCfg = Release|Win32
		{0DA1DA7D-F393-4E7C-A7CE-CB5C6A67BC94}.ReleaseWithoutAsm|Win32.ActiveCfg = Release|Win32
		{0DA1DA7D-F393-4E7C-A7CE-CB5C6A67BC94}.ReleaseWithoutAsm|Win32.Build.0 = Release|Win32
		{0DA1DA7D-F393-4E7C-A7CE-CB5C6A67BC94}.ReleaseWithoutAsm|x64.ActiveCfg = Release|x64
		{0DA1DA7D-F393-4E7C-A7CE-CB5C6A67BC94}.ReleaseWithoutAsm|x64.Build.0 = Release|x64
		{BE6D3EF8-2F82-4F1E-956A-890C3614A2D5}.Debug|Itanium.ActiveCfg = Debug|Win32
		{BE6D3EF8-2F82-4F1E-956A-890C3614A2D5}.Debug|Win32.ActiveCfg = Debug|Win32
		{BE6D3EF8-2F82-4F1E-956A-890C3614A2D5}.Debug|Win32.Build.0 = Debug|Win32
		{BE6D3EF8-2F82-4F1E-956A-890C3614A2D5}.Debug|x64.ActiveCfg = Debug|x64
		{BE6D3EF8-2F82-4F1E-956A-890C3614A2D5}.Debug|x64.Build.0 = Debug|x64
		{BE6D3EF8-2F82-4F1E-956A-890C3614A2D5}.Release|Itanium.ActiveCfg = Release|Win32
		{BE6D3EF8-2F82-4F1E-956A-890C3614A2D5}.Release|Win32.ActiveCfg = Release|Win32
		{BE6D3EF8-2F82-4F1E-956A-890C3614A2D5}.Release|Win32.Build.0 = Release|Win32
		{BE6D3EF8-2F82-4F1E-956A-890C3614A2D5}.Release|x64.ActiveCfg = Release|x64
		{BE6D3EF8-2F82-4F1E-956A-890C3614A2D5}.Release|x64.Build.0 = Release|x64
		{BE6D3EF8-2F82-4F1E-956A-890C3614A2D5}.ReleaseWithoutAsm|Itanium.ActiveCfg = Release|Win32
		{BE6D3EF8-2F82-4F1E-956A-890C3614A2D5}.ReleaseWithoutAsm|Win32.ActiveCfg = Release|Win32
		{BE6D3EF8-2F82-4F1E-956A-890C3614A2D5}.ReleaseWithoutAsm|Win32.Build.0 = Release|Win32
		{BE6D3EF8-2F82-4F1E-956A-890C3614A2D5}.ReleaseWithoutAsm|x64.ActiveCfg = Release|x64
		{BE6D3EF8-2F82-4F1E-956A-890C3614A2D5}.ReleaseWithoutAsm|x64.Build.0 = Release|x64
		{8E26704B-C914-45B3-8BF0-5433585BD96E}.Debug|Itanium.ActiveCfg = Debug|Win32
		{8E26704B-C914-45B3-8BF0-5433585BD96E}.Debug|Win32.ActiveCfg = Debug|Win32
		{8E26704B-C914-45B3-8BF0-5433585BD96E}.Debug|Win32.Build.0 = Debug|Win32
		{8E26704B-C914-45B3-8BF0-5433585BD96E}.Debug|x64.ActiveCfg = Debug|x64
		{8E26704B-C914-45B3-8BF0-5433585BD96E}.Debug|x64.Build.0 = Debug|x64
		{8E26704B-C914-45B3-8BF0-5433585BD96E}.Release|Itanium.ActiveCfg = Release|Win32
		{8E26704B-C914-45B3-8BF0-5433585BD96E}.Release|Win32.ActiveCfg = Release|Win32
		{8E26704B-C914-45B3-8BF0-5433585BD96E}.Release|Win32.Build.0 = Release|Win32
		{8E26704B-C914-45B3-8BF0-5433585BD96E}.Release|x64.ActiveCfg = Release|x64
		{8E26704B-C914-45B3-8BF0-5433585BD96E}.Release|x64.Build.0 = Release|x64
		{8E26704B-C914-45B3-8BF0-5433585BD96E}.ReleaseWithoutAsm|Itanium.ActiveCfg = Release|Win32
		{8E26704B-C914-45B3-8BF0-5433585BD96E}.ReleaseWithoutAsm|Win32.ActiveCfg = Release|Win32
		{8E26704B-C914-45B3-8BF0-5433585BD96E}.ReleaseWithoutAsm|Win32.Build.0 = Release|Win32
		{8E26704B-C914-45B3-8BF0-5433585BD96E}.ReleaseWithoutAsm|x64.ActiveCfg = Release|x64
		{8E26704B-C914-45B3-8BF0-5433585BD96E}.ReleaseWithoutAsm|x64.Build.0 = Release|x64
		{D4537A56-E2C0-45E2-881A-40FF8FAD106C}.Debug|Itanium.ActiveCfg = Debug|Win32
		{D4537A56-E2C0-45E2-881A-40FF8FAD106C}.Debug|Win32.ActiveCfg = Debug|Win32
		{D4537A56-E2C0-45E2-881A-40FF8FAD106C}.Debug|Win32.Build.0 = Debug|Win32
		{D4537A56-E2C0-45E2-881A-40FF8FAD106C}.Debug|x64.ActiveCfg = Debug|x64
		{D4537A56-E2C0-45E2-881A-40FF8FAD106C}.Debug|x64.Build.0 = Debug|x64
		{D4537A56-E2C0-45E2-881A-40FF8FAD106C}.Release|Itanium.ActiveCfg = Release|Win32
		{D4537A56-E2C0-45E2-881A-40FF8FAD106C}.Release|Win32.ActiveCfg = Release|Win32
		{D4537A56-E2C0-45E2-881A-40FF8FAD106C}.Release|Win32.Build.0 = Release|Win32
		{D4537A56-E2C0-45E2-881A-40FF8FAD106C}.Release|x64.ActiveCfg = Release|x64
		{D4537A56-E2C0-45E2-881A-40FF8FAD106C}.Release|x64.Build.0 = Release|x64
		{D4537A56-E2C0-45E2-881A-40FF8FAD106C}.ReleaseWithoutAsm|Itanium.ActiveCfg = Release|Win32
		{D4537A56-E2C0-45E2-881A-40FF8FAD106C}.ReleaseWithoutAsm|Win32.ActiveCfg = Release|Win32
		{D4537A56-E2C0-45E2-881A-40FF8FAD106C}.ReleaseWithoutAsm|Win32.Build.0 = Release|Win32
		{D4537A56-E2C0-45E2-881A-40FF8FAD106C}.ReleaseWithoutAsm|x64.ActiveCfg = Release|x64
		{D4537A56-E2C0-45E2-881A-40FF8FAD106C}.ReleaseWithoutAsm|x64.Build.0 = Release|x64
		{5BCB393C-30F5-4067-92B7-0A11EEED1949}.Debug|Itanium.ActiveCfg = Debug|Win32
		{5BCB393C-30F5-4067-92B7-0A11EEED1949}.Debug|Win32.ActiveCfg = Debug|Win32
		{5BCB393C-30F5-4067-92B7-0A11EEED1949}.Debug|Win32.Build.0 = Debug|Win32
		{5BCB393C-30F5-4067-92B7-0A11EEED1949}.Debug|x64.ActiveCfg = Debug|x64
		{5BCB393C-30F5-4067-92B7-0A11EEED1949}.Debug|x64.Build.0 = Debug|x64
		{5BCB393C-30F5-4067-92B7-0A11EEED1949}.Release|Itanium.ActiveCfg = Release|Win32
		{5BCB393C-30F5-4067-92B7-0A11EEED1949}.Release|Win32.ActiveCfg = Release|Win32
		{5BCB393C-30F5-4067-92B7-0A11EEED1949}.Release|Win32.Build.0 = Release|Win32
		{5BCB393C-30F5-4067-92B7-0A11EEED1949}.Release|x64.ActiveCfg = Release|x64
		{5BCB393C-30F5-4067-92B7-0A11EEED1949}.Release|x64.Build.0 = Release|x64
		{5BCB393C-30F5-4067-92B7-0A11EEED1949}.ReleaseWithoutAsm|Itanium.ActiveCfg = Release|Win32
		{5BCB393C-30F5-4067-92B7-0A11EEED1949}.ReleaseWithoutAsm|Win32.ActiveCfg = Release|Win32
		{5BCB393C-30F5-4067-92B7-0A11EEED1949}.ReleaseWithoutAsm|Win32.Build.0 = Release|Win32
		{5BCB393C-30F5-4067-92B7-0A11EEED1949}.ReleaseWithoutAsm|x64.ActiveCfg = Release|x64
		{5BCB393C-30F5-4067-92B7-0A11EEED1949}.ReleaseWithoutAsm|x64.Build.0 = Release|x64
		{B5EA2F71-06E3-43AA-9E3C-3D505B0F6224}.Debug|Itanium.ActiveCfg = Debug|Win32
		{B5EA2F71-06E3-43AA-9E3C-3D505B0F6224}.Debug|Win32.ActiveCfg = Debug|Win32
		{B5EA2F71-06E3-43AA-9E3C-3D505B0F6224}.Debug|Win32.Build.0 = Debug|Win32
		{B5EA2F71-06E3-43AA-9E3C-3D505B0F6224}.Debug|x64.ActiveCfg = Debug|x64
		{B5EA2F71-06E3-43AA-9E3C-3D505B0F6224}.Debug|x64.Build.0 = Debug|x64
		{B5EA2F71-06E3-43AA-9E3C-3D505B0F6224}.Release|Itanium.ActiveCfg = Release|Win32
		{B5EA2F71-06E3-43AA-9E3C-3D505B0F6224}.Release|Win32.ActiveCfg = Release|Win32
		{B5EA2F71-06E3-43AA-9E3C-3D505B0F6224}.Release|Win32.Build.0 = Release|Win32
		{B5EA2F71-06E3-43AA-9E3C-3D505B0F6224}.Release|x64.ActiveCfg = Release|x64
		{B5EA2F71-06E3-43AA-9E3C-3D505B0F6224}.Release|x64.Build.0 = Release|x64
		{B5EA2F71-06E3-43AA-9E3C-3D505B0F6224}.ReleaseWithoutAsm|Itanium.ActiveCfg = Release|Win32
		{B5EA2F71-06E3-43AA-9E3C-3D505B0F6224}.ReleaseWithoutAsm|Win32.ActiveCfg = Release|Win32
		{B5EA2F71-06E3-43AA-9E3C-3D505B0F6224}.ReleaseWithoutAsm|Win32.Build.0 = Release|Win32
		{B5EA2F71-06E3-43AA-9E3C-3D505B0F6224}.ReleaseWithoutAsm|x64.ActiveCfg = Release|x64
		{B5EA2F71-06E3-43AA-9E3C-3D505B0F6224}.ReleaseWithoutAsm|x64.Build.0 = Release|x64
		{A68022C2-F993-46AE-BDC5-D86A32C214D6}.Debug|Itanium.ActiveCfg = Debug|Win32
		{A68022C2-F993-46AE-BDC5-D86A32C214D6}.Debug|Win32.ActiveCfg = Debug|Win32
		{A68022C2-F993-46AE-BDC5-D86A32C214D6}.Debug|Win32.Build.0 = Debug|Win32
		{A68022C2-F993-46AE-BDC5-D86A32C214D6}.Debug|x64.ActiveCfg = Debug|x64
		{A68022C2-F993-46AE-BDC5-D86A32C214D6}.Debug|x64.Build.0 = Debug|x64
		{A68022C2-F993-46AE-BDC5-D86A32C214D6}.Release|Itanium.ActiveCfg = Release|Win32
		{A68022C2-F993-46AE-BDC5-D86A32C214D6}.Release|Win32.ActiveCfg = Release|Win32
		{A68022C2-F993-46AE-BDC5-D86A32C214D6}.Release|Win32.Build.0 = Release|Win32
		{A68022C2-F993-46AE-BDC5-D86A32C214D6}.Release|x64.ActiveCfg = Release|x64
		{A68022C2-F993-46AE-BDC5-D86A32C214D6}.Release|x64.Build.0 = Release|x64
		{A68022C2-F993-46AE-BDC5-D86A32C214D6}.ReleaseWithoutAsm|Itanium.ActiveCfg = Release|Win32
		{A68022C2-F993-46AE-BDC5-D86A32C214D6}.ReleaseWithoutAsm|Win32.ActiveCfg = Release|Win32
		{A68022C2-F993-46AE-BDC5-D86A32C214D6}.ReleaseWithoutAsm|Win32.Build.0 = Release|Win32
		{A68022C2-F993-46AE-BDC5-D86A32C214D6}.ReleaseWithoutAsm|x64.ActiveCfg = Release|x64
		{A68022C2-F993-46AE-BDC5-D86A32C214D6}.ReleaseWithoutAsm|x64.Build.0 = Release|x64
		{51D54F4B-968A-446D-B3B9-7773246DB24D}.Debug|Itanium.ActiveCfg = Debug|Win32
		{51D54F4B-968A-446D-B3B9-7773246DB24D}.Debug|Win32.ActiveCfg = Debug|Win32
		{51D54F4B-968A-446D-B3B9-7773246DB24D}.Debug|Win32.Build.0 = Debug|Win32
		{51D54F4B-968A-446D-B3B9-7773246DB24D}.Debug|x64.ActiveCfg = Debug|x64
		{51D54F4B-968A-446D-B3B9-7773246DB24D}.Debug|x64.Build.0 = Debug|x64
		{51D54F4B-968A-446D-B3B9-7773246DB24D}.Release|Itanium.ActiveCfg = Release|Win32
		{51D54F4B-968A-446D-B3B9-7773246DB24D}.Release|Win32.ActiveCfg = Release|Win32
		{51D54F4B-968A-446D-B3B9-7773246DB24D}.Release|Win32.Build.0 = Release|Win32
		{51D54F4B-968A-446D-B3B9-7773246DB24D}.Release|x64.ActiveCfg = Release|x64
		{51D54F4B-968A-446D-B3B9-7773246DB24D}.Release|x64.Build.0 = Release|x64
		{51D54F4B-968A-446D-B3B9-7773246DB24D}.ReleaseWithoutAsm|Itanium.ActiveCfg = Release|Win32
		{51D54F4B-968A-446D-B3B9-7773246DB24D}.ReleaseWithoutAsm|Win32.ActiveCfg = Release|Win32
		{51D54F4B-968A-446D-B3B9-7773246DB24D}.ReleaseWithoutAsm|Win32.Build.0 = Release|Win32
		{51D54F4B-968A-446D-B3B9-7773246DB24D}.ReleaseWithoutAsm|x64.ActiveCfg = Release|x64
		{51D54F4B-968A-446D-B3B9-7773246DB24D}.ReleaseWithoutAsm|x64.Build.0 = Release|x64
	EndGlobalSection
	GlobalSection(SolutionProperties) = preSolution
		HideSolutionNode = FALSE
	EndGlobalSection
	GlobalSection(NestedProjects) = preSolution
		{005438CF-1FE5-4641-BF49-D93D9EF38A6F} = {970D613D-A7F5-449B-BAE8-C03E580F100A}
		{34DB3482-87A0-4000-9575-3D99CBA0945D} = {970D613D-A7F5-449B-BAE8-C03E580F100A}
		{C1206569-D087-4CD8-A950-EB0FA7123440} = {970D613D-A7F5-449B-BAE8-C03E580F100A}
		{785B709B-BC9C-4C06-BC8E-EFAC5642CBD2} = {970D613D-A7F5-449B-BAE8-C03E580F100A}
		{20E0F8D6-213C-460B-B361-9C725CB375C7} = {976B3EC9-6BF3-4C71-BE20-1C2DBFD8D17B}
		{745DEC58-EBB3-47A9-A9B8-4C6627C01BF8} = {976B3EC9-6BF3-4C71-BE20-1C2DBFD8D17B}
		{0DA1DA7D-F393-4E7C-A7CE-CB5C6A67BC94} = {976B3EC9-6BF3-4C71-BE20-1C2DBFD8D17B}
		{BE6D3EF8-2F82-4F1E-956A-890C3614A2D5} = {976B3EC9-6BF3-4C71-BE20-1C2DBFD8D17B}
	EndGlobalSection
EndGlobal
