<?xml version="1.0" encoding="utf-8"?>
<Project ToolsVersion="4.0" xmlns="http://schemas.microsoft.com/developer/msbuild/2003">
  <ItemGroup>
    <Filter Include="aes">
      <UniqueIdentifier>{f58c1e4f-fb51-430d-b332-206e62919785}</UniqueIdentifier>
    </Filter>
    <Filter Include="rsa">
      <UniqueIdentifier>{a69e7974-3a3b-47d4-8a68-0e4b323d6160}</UniqueIdentifier>
    </Filter>
  </ItemGroup>
  <ItemGroup>
    <ClCompile Include="aes\aes.c">
      <Filter>aes</Filter>
    </ClCompile>
    <ClCompile Include="rsa\bigd.c">
      <Filter>rsa</Filter>
    </ClCompile>
    <ClCompile Include="rsa\bigdigits.c">
      <Filter>rsa</Filter>
    </ClCompile>
  </ItemGroup>
  <ItemGroup>
    <ClInclude Include="aes\aes.h">
      <Filter>aes</Filter>
    </ClInclude>
    <ClInclude Include="rsa\bigd.h">
      <Filter>rsa</Filter>
    </ClInclude>
    <ClInclude Include="rsa\bigdigits.h">
      <Filter>rsa</Filter>
    </ClInclude>
    <ClInclude Include="rsa\bigdtypes.h">
      <Filter>rsa</Filter>
    </ClInclude>
  </ItemGroup>
</Project>